// !$*UTF8*$!
{
	archiveVersion = 1;
	classes = {
	};
	objectVersion = 55;
	objects = {

/* Begin PBXBuildFile section */
		1761AAC32C79A4BF00D85EE0 /* MKChannelPrivate.h in Headers */ = {isa = PBXBuildFile; fileRef = 283363DC13EF535B00A04F04 /* MKChannelPrivate.h */; };
		1761AACE2C79A67C00D85EE0 /* CFNetwork.framework in Frameworks */ = {isa = PBXBuildFile; fileRef = 1761AACC2C79A67200D85EE0 /* CFNetwork.framework */; platformFilters = (ios, maccatalyst, ); };
		1761AADD2C79AA2900D85EE0 /* CoreAudio.framework in Frameworks */ = {isa = PBXBuildFile; fileRef = 1761AAC62C79A50200D85EE0 /* CoreAudio.framework */; platformFilters = (macos, ); };
		1761AAEF2C79C2A100D85EE0 /* AudioToolbox.framework in Frameworks */ = {isa = PBXBuildFile; fileRef = 1761AAEE2C79C2A100D85EE0 /* AudioToolbox.framework */; };
		1761AEAF2C79C8AB00D85EE0 /* CELT-0.7.0.dylib in Frameworks */ = {isa = PBXBuildFile; fileRef = 1761AE8B2C79C65E00D85EE0 /* CELT-0.7.0.dylib */; };
		1761AEB22C79C8AE00D85EE0 /* OpenSSL.dylib in Frameworks */ = {isa = PBXBuildFile; fileRef = 1761AE8E2C79C65E00D85EE0 /* OpenSSL.dylib */; };
		1761AEB32C79C8AE00D85EE0 /* OpenSSL.dylib in Embed Libraries */ = {isa = PBXBuildFile; fileRef = 1761AE8E2C79C65E00D85EE0 /* OpenSSL.dylib */; };
		1761AEB42C79C8B400D85EE0 /* Opus.dylib in Frameworks */ = {isa = PBXBuildFile; fileRef = 1761AE912C79C65E00D85EE0 /* Opus.dylib */; };
		1761AEB62C79C8B700D85EE0 /* ProtocolBuffers.dylib in Frameworks */ = {isa = PBXBuildFile; fileRef = 1761AE942C79C65E00D85EE0 /* ProtocolBuffers.dylib */; };
		1761AEB72C79C8B700D85EE0 /* ProtocolBuffers.dylib in Embed Libraries */ = {isa = PBXBuildFile; fileRef = 1761AE942C79C65E00D85EE0 /* ProtocolBuffers.dylib */; };
		1761AEB82C79C8BB00D85EE0 /* Speex.dylib in Frameworks */ = {isa = PBXBuildFile; fileRef = 1761AE972C79C65E00D85EE0 /* Speex.dylib */; };
		1761AEBA2C79C8BF00D85EE0 /* SpeexDSP.dylib in Frameworks */ = {isa = PBXBuildFile; fileRef = 1761AE9A2C79C65E00D85EE0 /* SpeexDSP.dylib */; };
		176D5AFE2C79A2830003D1FF /* MKiOSAudioDevice.m in Sources */ = {isa = PBXBuildFile; fileRef = 288211C6161CECD000E72F91 /* MKiOSAudioDevice.m */; platformFilters = (ios, maccatalyst, ); };
		1794B1BD2C7992A800CAA68A /* UIKit.framework in Frameworks */ = {isa = PBXBuildFile; fileRef = 1794B1BB2C79929D00CAA68A /* UIKit.framework */; platformFilters = (ios, maccatalyst, ); };
		1794B46A2C79A21A00CAA68A /* MumbleKit.h in Headers */ = {isa = PBXBuildFile; fileRef = 1794B4682C79A21A00CAA68A /* MumbleKit.h */; settings = {ATTRIBUTES = (Public, ); }; };
		1794B46B2C79A23D00CAA68A /* MKiOSAudioDevice.h in Headers */ = {isa = PBXBuildFile; fileRef = 288211C5161CECD000E72F91 /* MKiOSAudioDevice.h */; platformFilters = (ios, maccatalyst, ); };
		17A648372C7FFF2B00AAE816 /* CELT-0.7.0.dylib in Embed Libraries */ = {isa = PBXBuildFile; fileRef = 1761AE8B2C79C65E00D85EE0 /* CELT-0.7.0.dylib */; };
		17A648382C7FFF2E00AAE816 /* Opus.dylib in Embed Libraries */ = {isa = PBXBuildFile; fileRef = 1761AE912C79C65E00D85EE0 /* Opus.dylib */; };
		17A648392C7FFF3400AAE816 /* Speex.dylib in Embed Libraries */ = {isa = PBXBuildFile; fileRef = 1761AE972C79C65E00D85EE0 /* Speex.dylib */; };
		17A6483A2C7FFF4100AAE816 /* SpeexDSP.dylib in Embed Libraries */ = {isa = PBXBuildFile; fileRef = 1761AE9A2C79C65E00D85EE0 /* SpeexDSP.dylib */; };
		17A6483D2C8000C300AAE816 /* MKiOSAudioDevice.m in Sources */ = {isa = PBXBuildFile; fileRef = 288211C6161CECD000E72F91 /* MKiOSAudioDevice.m */; platformFilters = (ios, maccatalyst, ); };
		17A6483E2C8000C300AAE816 /* CryptState.cpp in Sources */ = {isa = PBXBuildFile; fileRef = 2845A781132D9C220034D631 /* CryptState.cpp */; };
		17A6483F2C8000C300AAE816 /* MKAudio.m in Sources */ = {isa = PBXBuildFile; fileRef = 2845A782132D9C220034D631 /* MKAudio.m */; };
		17A648402C8000C300AAE816 /* MKAudioInput.m in Sources */ = {isa = PBXBuildFile; fileRef = 2845A783132D9C220034D631 /* MKAudioInput.m */; };
		17A648412C8000C300AAE816 /* MKAudioOutput.m in Sources */ = {isa = PBXBuildFile; fileRef = 2845A784132D9C220034D631 /* MKAudioOutput.m */; };
		17A648422C8000C300AAE816 /* MKAudioOutputSpeech.m in Sources */ = {isa = PBXBuildFile; fileRef = 2845A785132D9C220034D631 /* MKAudioOutputSpeech.m */; };
		17A648432C8000C300AAE816 /* MKAudioOutputUser.m in Sources */ = {isa = PBXBuildFile; fileRef = 2845A786132D9C220034D631 /* MKAudioOutputUser.m */; };
		17A648442C8000C300AAE816 /* MKCertificate.m in Sources */ = {isa = PBXBuildFile; fileRef = 2845A787132D9C220034D631 /* MKCertificate.m */; };
		17A648452C8000C300AAE816 /* MKChannel.m in Sources */ = {isa = PBXBuildFile; fileRef = 2845A788132D9C220034D631 /* MKChannel.m */; };
		17A648462C8000C300AAE816 /* MKConnection.m in Sources */ = {isa = PBXBuildFile; fileRef = 2845A789132D9C220034D631 /* MKConnection.m */; };
		17A648472C8000C300AAE816 /* MKCryptState_openssl.mm in Sources */ = {isa = PBXBuildFile; fileRef = 2845A78B132D9C220034D631 /* MKCryptState_openssl.mm */; };
		17A648482C8000C300AAE816 /* MKPacketDataStream.m in Sources */ = {isa = PBXBuildFile; fileRef = 2845A78C132D9C220034D631 /* MKPacketDataStream.m */; };
		17A648492C8000C300AAE816 /* MKServerModel.m in Sources */ = {isa = PBXBuildFile; fileRef = 2845A78E132D9C220034D631 /* MKServerModel.m */; };
		17A6484A2C8000C300AAE816 /* MKServices.m in Sources */ = {isa = PBXBuildFile; fileRef = 2845A790132D9C220034D631 /* MKServices.m */; };
		17A6484B2C8000C300AAE816 /* MKUser.m in Sources */ = {isa = PBXBuildFile; fileRef = 2845A791132D9C220034D631 /* MKUser.m */; };
		17A6484C2C8000C300AAE816 /* MKVersion.m in Sources */ = {isa = PBXBuildFile; fileRef = 2845A792132D9C220034D631 /* MKVersion.m */; };
		17A6484D2C8000C300AAE816 /* MulticastDelegate.m in Sources */ = {isa = PBXBuildFile; fileRef = 2845A793132D9C220034D631 /* MulticastDelegate.m */; };
		17A6484E2C8000C300AAE816 /* Mumble.pb.m in Sources */ = {isa = PBXBuildFile; fileRef = 28CC36F8132ED92500241269 /* Mumble.pb.m */; };
		17A6484F2C8000C300AAE816 /* ObjectivecDescriptor.pb.m in Sources */ = {isa = PBXBuildFile; fileRef = 28CC36F9132ED92500241269 /* ObjectivecDescriptor.pb.m */; };
		17A648502C8000C300AAE816 /* MKServerPinger.m in Sources */ = {isa = PBXBuildFile; fileRef = 282F6B0713624187008F555B /* MKServerPinger.m */; };
		17A648512C8000C300AAE816 /* MKTextMessage.m in Sources */ = {isa = PBXBuildFile; fileRef = 2879526114C1BAB900567430 /* MKTextMessage.m */; };
		17A648522C8000C300AAE816 /* MKDistinguishedNameParser.m in Sources */ = {isa = PBXBuildFile; fileRef = 281EADA41530EA30000793AB /* MKDistinguishedNameParser.m */; };
		17A648532C8000C300AAE816 /* MKAudioOutputSidetone.m in Sources */ = {isa = PBXBuildFile; fileRef = 28074E8F158A6E5100E0A4D0 /* MKAudioOutputSidetone.m */; };
		17A648542C8000C300AAE816 /* MKAccessControl.m in Sources */ = {isa = PBXBuildFile; fileRef = BCD11E06158F40FA00321E06 /* MKAccessControl.m */; settings = {COMPILER_FLAGS = "-fobjc-arc"; }; };
		17A648552C8000C300AAE816 /* MKChannelACL.m in Sources */ = {isa = PBXBuildFile; fileRef = BCD11E07158F40FA00321E06 /* MKChannelACL.m */; settings = {COMPILER_FLAGS = "-fobjc-arc"; }; };
		17A648562C8000C300AAE816 /* MKChannelGroup.m in Sources */ = {isa = PBXBuildFile; fileRef = BCD11E08158F40FA00321E06 /* MKChannelGroup.m */; settings = {COMPILER_FLAGS = "-fobjc-arc"; }; };
		17A648572C8000C300AAE816 /* MKAudioDevice.m in Sources */ = {isa = PBXBuildFile; fileRef = 288211BF161CE44B00E72F91 /* MKAudioDevice.m */; };
		17A648582C8000C300AAE816 /* MKMacAudioDevice.m in Sources */ = {isa = PBXBuildFile; fileRef = 28503D5F168793C400A78419 /* MKMacAudioDevice.m */; platformFilters = (macos, ); };
		17A648592C8000C300AAE816 /* MKVoiceProcessingDevice.m in Sources */ = {isa = PBXBuildFile; fileRef = 284C1ABB161CABCC00B87340 /* MKVoiceProcessingDevice.m */; };
		17A6485B2C8000C300AAE816 /* AudioToolbox.framework in Frameworks */ = {isa = PBXBuildFile; fileRef = 1761AAEE2C79C2A100D85EE0 /* AudioToolbox.framework */; };
		17A6485C2C8000C300AAE816 /* CoreAudio.framework in Frameworks */ = {isa = PBXBuildFile; fileRef = 1761AAC62C79A50200D85EE0 /* CoreAudio.framework */; platformFilters = (macos, ); };
		17A648602C8000C300AAE816 /* CFNetwork.framework in Frameworks */ = {isa = PBXBuildFile; fileRef = 1761AACC2C79A67200D85EE0 /* CFNetwork.framework */; platformFilters = (ios, maccatalyst, ); };
		17A648632C8000C300AAE816 /* CoreServices.framework in Frameworks */ = {isa = PBXBuildFile; fileRef = 28CC36F0132ED89A00241269 /* CoreServices.framework */; };
		17A648642C8000C300AAE816 /* Foundation.framework in Frameworks */ = {isa = PBXBuildFile; fileRef = 28CC36EC132ED88200241269 /* Foundation.framework */; };
		17A648652C8000C300AAE816 /* Security.framework in Frameworks */ = {isa = PBXBuildFile; fileRef = 28CC36EA132ED87000241269 /* Security.framework */; };
		17A648662C8000C300AAE816 /* UIKit.framework in Frameworks */ = {isa = PBXBuildFile; fileRef = 1794B1BB2C79929D00CAA68A /* UIKit.framework */; platformFilters = (ios, maccatalyst, ); };
		17A648692C8000C300AAE816 /* MKAccessControl.h in Headers */ = {isa = PBXBuildFile; fileRef = BCD11DF4158F40A900321E06 /* MKAccessControl.h */; settings = {ATTRIBUTES = (Public, ); }; };
		17A6486A2C8000C300AAE816 /* MKCertificate.h in Headers */ = {isa = PBXBuildFile; fileRef = 2845A7CC132D9C520034D631 /* MKCertificate.h */; settings = {ATTRIBUTES = (Public, ); }; };
		17A6486B2C8000C300AAE816 /* MKChannel.h in Headers */ = {isa = PBXBuildFile; fileRef = 2845A7CD132D9C520034D631 /* MKChannel.h */; settings = {ATTRIBUTES = (Public, ); }; };
		17A6486C2C8000C300AAE816 /* MKConnection.h in Headers */ = {isa = PBXBuildFile; fileRef = 2845A7CE132D9C520034D631 /* MKConnection.h */; settings = {ATTRIBUTES = (Public, ); }; };
		17A6486D2C8000C300AAE816 /* MKPermission.h in Headers */ = {isa = PBXBuildFile; fileRef = BCD11DF1158F3FD600321E06 /* MKPermission.h */; settings = {ATTRIBUTES = (Public, ); }; };
		17A6486E2C8000C300AAE816 /* MKServerModel.h in Headers */ = {isa = PBXBuildFile; fileRef = 2845A7D3132D9C520034D631 /* MKServerModel.h */; settings = {ATTRIBUTES = (Public, ); }; };
		17A6486F2C8000C300AAE816 /* MKServerPinger.h in Headers */ = {isa = PBXBuildFile; fileRef = 282F6B0613624187008F555B /* MKServerPinger.h */; settings = {ATTRIBUTES = (Public, ); }; };
		17A648702C8000C300AAE816 /* MKServices.h in Headers */ = {isa = PBXBuildFile; fileRef = 2845A7D5132D9C520034D631 /* MKServices.h */; settings = {ATTRIBUTES = (Public, ); }; };
		17A648712C8000C300AAE816 /* MKUser.h in Headers */ = {isa = PBXBuildFile; fileRef = 2845A7D6132D9C520034D631 /* MKUser.h */; settings = {ATTRIBUTES = (Public, ); }; };
		17A648722C8000C300AAE816 /* MumbleKit.h in Headers */ = {isa = PBXBuildFile; fileRef = 1794B4682C79A21A00CAA68A /* MumbleKit.h */; settings = {ATTRIBUTES = (Public, ); }; };
		17A648732C8000C300AAE816 /* MKVersion.h in Headers */ = {isa = PBXBuildFile; fileRef = 2845A7D8132D9C520034D631 /* MKVersion.h */; settings = {ATTRIBUTES = (Public, ); }; };
		17A648742C8000C300AAE816 /* MKAudio.h in Headers */ = {isa = PBXBuildFile; fileRef = 2845A7C7132D9C520034D631 /* MKAudio.h */; settings = {ATTRIBUTES = (Public, ); }; };
		17A648752C8000C300AAE816 /* MKTextMessage.h in Headers */ = {isa = PBXBuildFile; fileRef = 2879526714C1BDD800567430 /* MKTextMessage.h */; settings = {ATTRIBUTES = (Public, ); }; };
		17A648762C8000C300AAE816 /* MKChannelGroup.h in Headers */ = {isa = PBXBuildFile; fileRef = BCD11DF6158F40A900321E06 /* MKChannelGroup.h */; settings = {ATTRIBUTES = (Private, ); }; };
		17A648772C8000C300AAE816 /* MKChannelACL.h in Headers */ = {isa = PBXBuildFile; fileRef = BCD11DF5158F40A900321E06 /* MKChannelACL.h */; settings = {ATTRIBUTES = (Private, ); }; };
		17A648782C8000C300AAE816 /* MKChannelPrivate.h in Headers */ = {isa = PBXBuildFile; fileRef = 283363DC13EF535B00A04F04 /* MKChannelPrivate.h */; };
		17A648792C8000C300AAE816 /* MKiOSAudioDevice.h in Headers */ = {isa = PBXBuildFile; fileRef = 288211C5161CECD000E72F91 /* MKiOSAudioDevice.h */; platformFilters = (ios, maccatalyst, ); };
		17A6487A2C8000C300AAE816 /* CryptState.h in Headers */ = {isa = PBXBuildFile; fileRef = 2845A7C4132D9C460034D631 /* CryptState.h */; };
		17A6487B2C8000C300AAE816 /* MKAudioDevice.h in Headers */ = {isa = PBXBuildFile; fileRef = 288211BE161CE44B00E72F91 /* MKAudioDevice.h */; };
		17A6487C2C8000C300AAE816 /* MKAudioOutputUserPrivate.h in Headers */ = {isa = PBXBuildFile; fileRef = 28F2FAD413E37BA000034BF2 /* MKAudioOutputUserPrivate.h */; };
		17A6487D2C8000C300AAE816 /* MKAudioInput.h in Headers */ = {isa = PBXBuildFile; fileRef = 2845A7C8132D9C520034D631 /* MKAudioInput.h */; };
		17A6487E2C8000C300AAE816 /* MKUserPrivate.h in Headers */ = {isa = PBXBuildFile; fileRef = 2845A7BB132D9C400034D631 /* MKUserPrivate.h */; };
		17A6487F2C8000C300AAE816 /* MKAudioOutput.h in Headers */ = {isa = PBXBuildFile; fileRef = 2845A7C9132D9C520034D631 /* MKAudioOutput.h */; settings = {ATTRIBUTES = (); }; };
		17A648802C8000C300AAE816 /* MulticastDelegate.h in Headers */ = {isa = PBXBuildFile; fileRef = 2845A7BC132D9C400034D631 /* MulticastDelegate.h */; };
		17A648812C8000C300AAE816 /* MKCryptState.h in Headers */ = {isa = PBXBuildFile; fileRef = 2845A7D0132D9C520034D631 /* MKCryptState.h */; settings = {ATTRIBUTES = (); }; };
		17A648822C8000C300AAE816 /* MKUtils.h in Headers */ = {isa = PBXBuildFile; fileRef = 2845A7D7132D9C520034D631 /* MKUtils.h */; settings = {ATTRIBUTES = (); }; };
		17A648832C8000C300AAE816 /* MKAudioOutputSpeech.h in Headers */ = {isa = PBXBuildFile; fileRef = 2845A7CA132D9C520034D631 /* MKAudioOutputSpeech.h */; settings = {ATTRIBUTES = (); }; };
		17A648842C8000C300AAE816 /* MKAudioOutputUser.h in Headers */ = {isa = PBXBuildFile; fileRef = 2845A7CB132D9C520034D631 /* MKAudioOutputUser.h */; settings = {ATTRIBUTES = (); }; };
		17A648852C8000C300AAE816 /* MKPacketDataStream.h in Headers */ = {isa = PBXBuildFile; fileRef = 2845A7D1132D9C520034D631 /* MKPacketDataStream.h */; };
		17A648862C8000C300AAE816 /* MKDistinguishedNameParser.h in Headers */ = {isa = PBXBuildFile; fileRef = 281EADA31530EA30000793AB /* MKDistinguishedNameParser.h */; };
		17A648872C8000C300AAE816 /* MKAudioOutputSidetone.h in Headers */ = {isa = PBXBuildFile; fileRef = 28074E8E158A6E5100E0A4D0 /* MKAudioOutputSidetone.h */; };
		17A648882C8000C300AAE816 /* MKMacAudioDevice.h in Headers */ = {isa = PBXBuildFile; fileRef = 28503D61168793CE00A78419 /* MKMacAudioDevice.h */; platformFilters = (macos, ); };
		17A648892C8000C300AAE816 /* MKVoiceProcessingDevice.h in Headers */ = {isa = PBXBuildFile; fileRef = 284C1ABA161CABCC00B87340 /* MKVoiceProcessingDevice.h */; };
		17A648992C8000F300AAE816 /* libCELT-0.7.0.a in Frameworks */ = {isa = PBXBuildFile; fileRef = 28492310132ED60700B4EAAC /* libCELT-0.7.0.a */; };
		17A6489A2C8000F600AAE816 /* libOpenSSL.a in Frameworks */ = {isa = PBXBuildFile; fileRef = 1794B1862C798AA700CAA68A /* libOpenSSL.a */; };
		17A6489B2C8000FD00AAE816 /* libOpus.a in Frameworks */ = {isa = PBXBuildFile; fileRef = 285B426114E6E1200045E282 /* libOpus.a */; };
		17A6489C2C80010100AAE816 /* libProtocolBuffers.a in Frameworks */ = {isa = PBXBuildFile; fileRef = 2849232A132ED61800B4EAAC /* libProtocolBuffers.a */; };
		17A6489D2C80010500AAE816 /* libSpeexDSP.a in Frameworks */ = {isa = PBXBuildFile; fileRef = 28492351132ED65800B4EAAC /* libSpeexDSP.a */; };
		17A6489E2C80010D00AAE816 /* libSpeex.a in Frameworks */ = {isa = PBXBuildFile; fileRef = 28492345132ED64D00B4EAAC /* libSpeex.a */; };
		28074E91158A6E5100E0A4D0 /* MKAudioOutputSidetone.h in Headers */ = {isa = PBXBuildFile; fileRef = 28074E8E158A6E5100E0A4D0 /* MKAudioOutputSidetone.h */; };
		28074E93158A6E5100E0A4D0 /* MKAudioOutputSidetone.m in Sources */ = {isa = PBXBuildFile; fileRef = 28074E8F158A6E5100E0A4D0 /* MKAudioOutputSidetone.m */; };
		2808DD9413E4D8C0008448EA /* MKPacketDataStream.h in Headers */ = {isa = PBXBuildFile; fileRef = 2845A7D1132D9C520034D631 /* MKPacketDataStream.h */; };
		281EADA61530EA30000793AB /* MKDistinguishedNameParser.h in Headers */ = {isa = PBXBuildFile; fileRef = 281EADA31530EA30000793AB /* MKDistinguishedNameParser.h */; };
		281EADA81530EA30000793AB /* MKDistinguishedNameParser.m in Sources */ = {isa = PBXBuildFile; fileRef = 281EADA41530EA30000793AB /* MKDistinguishedNameParser.m */; };
		282F6B0913624187008F555B /* MKServerPinger.h in Headers */ = {isa = PBXBuildFile; fileRef = 282F6B0613624187008F555B /* MKServerPinger.h */; settings = {ATTRIBUTES = (Public, ); }; };
		282F6B0B13624187008F555B /* MKServerPinger.m in Sources */ = {isa = PBXBuildFile; fileRef = 282F6B0713624187008F555B /* MKServerPinger.m */; };
		2845A795132D9C220034D631 /* CryptState.cpp in Sources */ = {isa = PBXBuildFile; fileRef = 2845A781132D9C220034D631 /* CryptState.cpp */; };
		2845A797132D9C220034D631 /* MKAudio.m in Sources */ = {isa = PBXBuildFile; fileRef = 2845A782132D9C220034D631 /* MKAudio.m */; };
		2845A799132D9C220034D631 /* MKAudioInput.m in Sources */ = {isa = PBXBuildFile; fileRef = 2845A783132D9C220034D631 /* MKAudioInput.m */; };
		2845A79B132D9C220034D631 /* MKAudioOutput.m in Sources */ = {isa = PBXBuildFile; fileRef = 2845A784132D9C220034D631 /* MKAudioOutput.m */; };
		2845A79D132D9C220034D631 /* MKAudioOutputSpeech.m in Sources */ = {isa = PBXBuildFile; fileRef = 2845A785132D9C220034D631 /* MKAudioOutputSpeech.m */; };
		2845A79F132D9C220034D631 /* MKAudioOutputUser.m in Sources */ = {isa = PBXBuildFile; fileRef = 2845A786132D9C220034D631 /* MKAudioOutputUser.m */; };
		2845A7A1132D9C220034D631 /* MKCertificate.m in Sources */ = {isa = PBXBuildFile; fileRef = 2845A787132D9C220034D631 /* MKCertificate.m */; };
		2845A7A3132D9C220034D631 /* MKChannel.m in Sources */ = {isa = PBXBuildFile; fileRef = 2845A788132D9C220034D631 /* MKChannel.m */; };
		2845A7A5132D9C220034D631 /* MKConnection.m in Sources */ = {isa = PBXBuildFile; fileRef = 2845A789132D9C220034D631 /* MKConnection.m */; };
		2845A7A9132D9C220034D631 /* MKCryptState_openssl.mm in Sources */ = {isa = PBXBuildFile; fileRef = 2845A78B132D9C220034D631 /* MKCryptState_openssl.mm */; };
		2845A7AB132D9C220034D631 /* MKPacketDataStream.m in Sources */ = {isa = PBXBuildFile; fileRef = 2845A78C132D9C220034D631 /* MKPacketDataStream.m */; };
		2845A7AF132D9C220034D631 /* MKServerModel.m in Sources */ = {isa = PBXBuildFile; fileRef = 2845A78E132D9C220034D631 /* MKServerModel.m */; };
		2845A7B3132D9C220034D631 /* MKServices.m in Sources */ = {isa = PBXBuildFile; fileRef = 2845A790132D9C220034D631 /* MKServices.m */; };
		2845A7B5132D9C220034D631 /* MKUser.m in Sources */ = {isa = PBXBuildFile; fileRef = 2845A791132D9C220034D631 /* MKUser.m */; };
		2845A7B7132D9C220034D631 /* MKVersion.m in Sources */ = {isa = PBXBuildFile; fileRef = 2845A792132D9C220034D631 /* MKVersion.m */; };
		2845A7B9132D9C220034D631 /* MulticastDelegate.m in Sources */ = {isa = PBXBuildFile; fileRef = 2845A793132D9C220034D631 /* MulticastDelegate.m */; };
		2845A7BF132D9C400034D631 /* MKUserPrivate.h in Headers */ = {isa = PBXBuildFile; fileRef = 2845A7BB132D9C400034D631 /* MKUserPrivate.h */; };
		2845A7C1132D9C400034D631 /* MulticastDelegate.h in Headers */ = {isa = PBXBuildFile; fileRef = 2845A7BC132D9C400034D631 /* MulticastDelegate.h */; };
		2845A7C6132D9C460034D631 /* CryptState.h in Headers */ = {isa = PBXBuildFile; fileRef = 2845A7C4132D9C460034D631 /* CryptState.h */; };
		2845A7DA132D9C520034D631 /* MKAudio.h in Headers */ = {isa = PBXBuildFile; fileRef = 2845A7C7132D9C520034D631 /* MKAudio.h */; settings = {ATTRIBUTES = (Public, ); }; };
		2845A7DC132D9C520034D631 /* MKAudioInput.h in Headers */ = {isa = PBXBuildFile; fileRef = 2845A7C8132D9C520034D631 /* MKAudioInput.h */; };
		2845A7DE132D9C520034D631 /* MKAudioOutput.h in Headers */ = {isa = PBXBuildFile; fileRef = 2845A7C9132D9C520034D631 /* MKAudioOutput.h */; settings = {ATTRIBUTES = (); }; };
		2845A7E0132D9C520034D631 /* MKAudioOutputSpeech.h in Headers */ = {isa = PBXBuildFile; fileRef = 2845A7CA132D9C520034D631 /* MKAudioOutputSpeech.h */; settings = {ATTRIBUTES = (); }; };
		2845A7E2132D9C520034D631 /* MKAudioOutputUser.h in Headers */ = {isa = PBXBuildFile; fileRef = 2845A7CB132D9C520034D631 /* MKAudioOutputUser.h */; settings = {ATTRIBUTES = (); }; };
		2845A7E4132D9C520034D631 /* MKCertificate.h in Headers */ = {isa = PBXBuildFile; fileRef = 2845A7CC132D9C520034D631 /* MKCertificate.h */; settings = {ATTRIBUTES = (Public, ); }; };
		2845A7E6132D9C520034D631 /* MKChannel.h in Headers */ = {isa = PBXBuildFile; fileRef = 2845A7CD132D9C520034D631 /* MKChannel.h */; settings = {ATTRIBUTES = (Public, ); }; };
		2845A7E8132D9C520034D631 /* MKConnection.h in Headers */ = {isa = PBXBuildFile; fileRef = 2845A7CE132D9C520034D631 /* MKConnection.h */; settings = {ATTRIBUTES = (Public, ); }; };
		2845A7EC132D9C520034D631 /* MKCryptState.h in Headers */ = {isa = PBXBuildFile; fileRef = 2845A7D0132D9C520034D631 /* MKCryptState.h */; settings = {ATTRIBUTES = (); }; };
		2845A7F2132D9C520034D631 /* MKServerModel.h in Headers */ = {isa = PBXBuildFile; fileRef = 2845A7D3132D9C520034D631 /* MKServerModel.h */; settings = {ATTRIBUTES = (Public, ); }; };
		2845A7F6132D9C520034D631 /* MKServices.h in Headers */ = {isa = PBXBuildFile; fileRef = 2845A7D5132D9C520034D631 /* MKServices.h */; settings = {ATTRIBUTES = (Public, ); }; };
		2845A7F8132D9C520034D631 /* MKUser.h in Headers */ = {isa = PBXBuildFile; fileRef = 2845A7D6132D9C520034D631 /* MKUser.h */; settings = {ATTRIBUTES = (Public, ); }; };
		2845A7FA132D9C520034D631 /* MKUtils.h in Headers */ = {isa = PBXBuildFile; fileRef = 2845A7D7132D9C520034D631 /* MKUtils.h */; settings = {ATTRIBUTES = (); }; };
		2845A7FC132D9C520034D631 /* MKVersion.h in Headers */ = {isa = PBXBuildFile; fileRef = 2845A7D8132D9C520034D631 /* MKVersion.h */; settings = {ATTRIBUTES = (Public, ); }; };
		28503D60168793C400A78419 /* MKMacAudioDevice.m in Sources */ = {isa = PBXBuildFile; fileRef = 28503D5F168793C400A78419 /* MKMacAudioDevice.m */; platformFilters = (macos, ); };
		28503D62168793CE00A78419 /* MKMacAudioDevice.h in Headers */ = {isa = PBXBuildFile; fileRef = 28503D61168793CE00A78419 /* MKMacAudioDevice.h */; platformFilters = (macos, ); };
		2879526514C1BAB900567430 /* MKTextMessage.m in Sources */ = {isa = PBXBuildFile; fileRef = 2879526114C1BAB900567430 /* MKTextMessage.m */; };
		2879526914C1BDD800567430 /* MKTextMessage.h in Headers */ = {isa = PBXBuildFile; fileRef = 2879526714C1BDD800567430 /* MKTextMessage.h */; settings = {ATTRIBUTES = (Public, ); }; };
		288211C1161CE44B00E72F91 /* MKAudioDevice.h in Headers */ = {isa = PBXBuildFile; fileRef = 288211BE161CE44B00E72F91 /* MKAudioDevice.h */; };
		288211C3161CE44B00E72F91 /* MKAudioDevice.m in Sources */ = {isa = PBXBuildFile; fileRef = 288211BF161CE44B00E72F91 /* MKAudioDevice.m */; };
		28CC36EB132ED87100241269 /* Security.framework in Frameworks */ = {isa = PBXBuildFile; fileRef = 28CC36EA132ED87000241269 /* Security.framework */; };
		28CC36ED132ED88200241269 /* Foundation.framework in Frameworks */ = {isa = PBXBuildFile; fileRef = 28CC36EC132ED88200241269 /* Foundation.framework */; };
		28CC36F1132ED89A00241269 /* CoreServices.framework in Frameworks */ = {isa = PBXBuildFile; fileRef = 28CC36F0132ED89A00241269 /* CoreServices.framework */; };
		28CC36FB132ED92500241269 /* Mumble.pb.m in Sources */ = {isa = PBXBuildFile; fileRef = 28CC36F8132ED92500241269 /* Mumble.pb.m */; };
		28CC36FD132ED92500241269 /* ObjectivecDescriptor.pb.m in Sources */ = {isa = PBXBuildFile; fileRef = 28CC36F9132ED92500241269 /* ObjectivecDescriptor.pb.m */; };
		28CE05CA1687A442006E2739 /* MKVoiceProcessingDevice.h in Headers */ = {isa = PBXBuildFile; fileRef = 284C1ABA161CABCC00B87340 /* MKVoiceProcessingDevice.h */; };
		28CE05CB1687A454006E2739 /* MKVoiceProcessingDevice.m in Sources */ = {isa = PBXBuildFile; fileRef = 284C1ABB161CABCC00B87340 /* MKVoiceProcessingDevice.m */; };
		28F2FAD613E37BA000034BF2 /* MKAudioOutputUserPrivate.h in Headers */ = {isa = PBXBuildFile; fileRef = 28F2FAD413E37BA000034BF2 /* MKAudioOutputUserPrivate.h */; };
		BCD11DF3158F3FD600321E06 /* MKPermission.h in Headers */ = {isa = PBXBuildFile; fileRef = BCD11DF1158F3FD600321E06 /* MKPermission.h */; settings = {ATTRIBUTES = (Public, ); }; };
		BCD11DF8158F40A900321E06 /* MKAccessControl.h in Headers */ = {isa = PBXBuildFile; fileRef = BCD11DF4158F40A900321E06 /* MKAccessControl.h */; settings = {ATTRIBUTES = (Public, ); }; };
		BCD11DFA158F40A900321E06 /* MKChannelACL.h in Headers */ = {isa = PBXBuildFile; fileRef = BCD11DF5158F40A900321E06 /* MKChannelACL.h */; settings = {ATTRIBUTES = (Private, ); }; };
		BCD11DFC158F40A900321E06 /* MKChannelGroup.h in Headers */ = {isa = PBXBuildFile; fileRef = BCD11DF6158F40A900321E06 /* MKChannelGroup.h */; settings = {ATTRIBUTES = (Private, ); }; };
		BCD11E0A158F40FA00321E06 /* MKAccessControl.m in Sources */ = {isa = PBXBuildFile; fileRef = BCD11E06158F40FA00321E06 /* MKAccessControl.m */; settings = {COMPILER_FLAGS = "-fobjc-arc"; }; };
		BCD11E0C158F40FA00321E06 /* MKChannelACL.m in Sources */ = {isa = PBXBuildFile; fileRef = BCD11E07158F40FA00321E06 /* MKChannelACL.m */; settings = {COMPILER_FLAGS = "-fobjc-arc"; }; };
		BCD11E0E158F40FA00321E06 /* MKChannelGroup.m in Sources */ = {isa = PBXBuildFile; fileRef = BCD11E08158F40FA00321E06 /* MKChannelGroup.m */; settings = {COMPILER_FLAGS = "-fobjc-arc"; }; };
/* End PBXBuildFile section */

/* Begin PBXContainerItemProxy section */
		1761AE8A2C79C65E00D85EE0 /* PBXContainerItemProxy */ = {
			isa = PBXContainerItemProxy;
			containerPortal = 28492307132ED60700B4EAAC /* CELT-0.7.xcodeproj */;
			proxyType = 2;
			remoteGlobalIDString = 1761ADB72C79C5BB00D85EE0;
			remoteInfo = "CELT-0.7-dylib";
		};
		1761AE8D2C79C65E00D85EE0 /* PBXContainerItemProxy */ = {
			isa = PBXContainerItemProxy;
			containerPortal = 2849232D132ED63600B4EAAC /* OpenSSL.xcodeproj */;
			proxyType = 2;
			remoteGlobalIDString = 1761AD772C79C50500D85EE0;
			remoteInfo = "OpenSSL-dylib";
		};
		1761AE902C79C65E00D85EE0 /* PBXContainerItemProxy */ = {
			isa = PBXContainerItemProxy;
			containerPortal = 285B425814E6E1200045E282 /* Opus.xcodeproj */;
			proxyType = 2;
			remoteGlobalIDString = 1761AE472C79C5D900D85EE0;
			remoteInfo = "Opus-dylib";
		};
		1761AE932C79C65E00D85EE0 /* PBXContainerItemProxy */ = {
			isa = PBXContainerItemProxy;
			containerPortal = 28492321132ED61800B4EAAC /* ProtocolBuffers.xcodeproj */;
			proxyType = 2;
			remoteGlobalIDString = 1761AD972C79C55800D85EE0;
			remoteInfo = "ProtocolBuffers-dylib";
		};
		1761AE962C79C65E00D85EE0 /* PBXContainerItemProxy */ = {
			isa = PBXContainerItemProxy;
			containerPortal = 2849233C132ED64C00B4EAAC /* Speex.xcodeproj */;
			proxyType = 2;
			remoteGlobalIDString = 1761AE762C79C60500D85EE0;
			remoteInfo = "Speex-dylib";
		};
		1761AE992C79C65E00D85EE0 /* PBXContainerItemProxy */ = {
			isa = PBXContainerItemProxy;
			containerPortal = 28492348132ED65700B4EAAC /* SpeexDSP.xcodeproj */;
			proxyType = 2;
			remoteGlobalIDString = 1761AE882C79C62F00D85EE0;
			remoteInfo = "SpeexDSP-dylib";
		};
		1794B1852C798AA700CAA68A /* PBXContainerItemProxy */ = {
			isa = PBXContainerItemProxy;
			containerPortal = 2849232D132ED63600B4EAAC /* OpenSSL.xcodeproj */;
			proxyType = 2;
			remoteGlobalIDString = 1794B1832C798A3F00CAA68A;
			remoteInfo = OpenSSL;
		};
		2849230F132ED60700B4EAAC /* PBXContainerItemProxy */ = {
			isa = PBXContainerItemProxy;
			containerPortal = 28492307132ED60700B4EAAC /* CELT-0.7.xcodeproj */;
			proxyType = 2;
			remoteGlobalIDString = 280D5F85132AE73C00540C3D;
			remoteInfo = "CELT-0.7 (iOS)";
		};
		28492329132ED61800B4EAAC /* PBXContainerItemProxy */ = {
			isa = PBXContainerItemProxy;
			containerPortal = 28492321132ED61800B4EAAC /* ProtocolBuffers.xcodeproj */;
			proxyType = 2;
			remoteGlobalIDString = 2845A6A7132D99550034D631;
			remoteInfo = "ProtocolBuffers (iOS)";
		};
		28492344132ED64D00B4EAAC /* PBXContainerItemProxy */ = {
			isa = PBXContainerItemProxy;
			containerPortal = 2849233C132ED64C00B4EAAC /* Speex.xcodeproj */;
			proxyType = 2;
			remoteGlobalIDString = 28D1DAE8132AEB1400456ED6;
			remoteInfo = "Speex (iOS)";
		};
		28492350132ED65800B4EAAC /* PBXContainerItemProxy */ = {
			isa = PBXContainerItemProxy;
			containerPortal = 28492348132ED65700B4EAAC /* SpeexDSP.xcodeproj */;
			proxyType = 2;
			remoteGlobalIDString = 28877EBE132D96F300793CC5;
			remoteInfo = "SpeexDSP (iOS)";
		};
		285B426014E6E1200045E282 /* PBXContainerItemProxy */ = {
			isa = PBXContainerItemProxy;
			containerPortal = 285B425814E6E1200045E282 /* Opus.xcodeproj */;
			proxyType = 2;
			remoteGlobalIDString = 287D85A614E6D474002B5D79;
			remoteInfo = "Opus (iOS)";
		};
/* End PBXContainerItemProxy section */

/* Begin PBXCopyFilesBuildPhase section */
		1761AEB12C79C8AB00D85EE0 /* Embed Libraries */ = {
			isa = PBXCopyFilesBuildPhase;
			buildActionMask = 2147483647;
			dstPath = "";
			dstSubfolderSpec = 10;
			files = (
				17A6483A2C7FFF4100AAE816 /* SpeexDSP.dylib in Embed Libraries */,
				17A648392C7FFF3400AAE816 /* Speex.dylib in Embed Libraries */,
				17A648382C7FFF2E00AAE816 /* Opus.dylib in Embed Libraries */,
				17A648372C7FFF2B00AAE816 /* CELT-0.7.0.dylib in Embed Libraries */,
				1761AEB32C79C8AE00D85EE0 /* OpenSSL.dylib in Embed Libraries */,
				1761AEB72C79C8B700D85EE0 /* ProtocolBuffers.dylib in Embed Libraries */,
			);
			name = "Embed Libraries";
			runOnlyForDeploymentPostprocessing = 0;
		};
/* End PBXCopyFilesBuildPhase section */

/* Begin PBXFileReference section */
		1761AAC42C79A4F000D85EE0 /* Cocoa.framework */ = {isa = PBXFileReference; lastKnownFileType = wrapper.framework; name = Cocoa.framework; path = System/Library/Frameworks/Cocoa.framework; sourceTree = SDKROOT; };
		1761AAC62C79A50200D85EE0 /* CoreAudio.framework */ = {isa = PBXFileReference; lastKnownFileType = wrapper.framework; name = CoreAudio.framework; path = System/Library/Frameworks/CoreAudio.framework; sourceTree = SDKROOT; };
		1761AAC82C79A51400D85EE0 /* CoreServices.framework */ = {isa = PBXFileReference; lastKnownFileType = wrapper.framework; name = CoreServices.framework; path = System/Library/Frameworks/CoreServices.framework; sourceTree = SDKROOT; };
		1761AACA2C79A53C00D85EE0 /* AudioUnit.framework */ = {isa = PBXFileReference; lastKnownFileType = wrapper.framework; name = AudioUnit.framework; path = System/Library/Frameworks/AudioUnit.framework; sourceTree = SDKROOT; };
		1761AACC2C79A67200D85EE0 /* CFNetwork.framework */ = {isa = PBXFileReference; lastKnownFileType = wrapper.framework; name = CFNetwork.framework; path = System/Library/Frameworks/CFNetwork.framework; sourceTree = SDKROOT; };
		1761AAEC2C79C29A00D85EE0 /* CoreAudioTypes.framework */ = {isa = PBXFileReference; lastKnownFileType = wrapper.framework; name = CoreAudioTypes.framework; path = Platforms/iPhoneOS.platform/Developer/SDKs/iPhoneOS18.0.sdk/System/Library/Frameworks/CoreAudioTypes.framework; sourceTree = DEVELOPER_DIR; };
		1761AAEE2C79C2A100D85EE0 /* AudioToolbox.framework */ = {isa = PBXFileReference; lastKnownFileType = wrapper.framework; name = AudioToolbox.framework; path = Platforms/iPhoneOS.platform/Developer/SDKs/iPhoneOS18.0.sdk/System/Library/Frameworks/AudioToolbox.framework; sourceTree = DEVELOPER_DIR; };
		1794B1B52C79928B00CAA68A /* AudioToolbox.framework */ = {isa = PBXFileReference; lastKnownFileType = wrapper.framework; name = AudioToolbox.framework; path = Platforms/MacOSX.platform/Developer/SDKs/MacOSX15.0.sdk/System/Library/Frameworks/AudioToolbox.framework; sourceTree = DEVELOPER_DIR; };
		1794B1B72C79929400CAA68A /* Foundation.framework */ = {isa = PBXFileReference; lastKnownFileType = wrapper.framework; name = Foundation.framework; path = Platforms/MacOSX.platform/Developer/SDKs/MacOSX15.0.sdk/System/Library/Frameworks/Foundation.framework; sourceTree = DEVELOPER_DIR; };
		1794B1B92C79929800CAA68A /* Security.framework */ = {isa = PBXFileReference; lastKnownFileType = wrapper.framework; name = Security.framework; path = Platforms/MacOSX.platform/Developer/SDKs/MacOSX15.0.sdk/System/Library/Frameworks/Security.framework; sourceTree = DEVELOPER_DIR; };
		1794B1BB2C79929D00CAA68A /* UIKit.framework */ = {isa = PBXFileReference; lastKnownFileType = wrapper.framework; name = UIKit.framework; path = Platforms/MacOSX.platform/Developer/SDKs/MacOSX15.0.sdk/System/iOSSupport/System/Library/Frameworks/UIKit.framework; sourceTree = DEVELOPER_DIR; };
		1794B4682C79A21A00CAA68A /* MumbleKit.h */ = {isa = PBXFileReference; lastKnownFileType = sourcecode.c.h; name = MumbleKit.h; path = src/MumbleKit/MumbleKit.h; sourceTree = SOURCE_ROOT; };
		17A648972C8000C300AAE816 /* MumbleKit.framework */ = {isa = PBXFileReference; explicitFileType = wrapper.framework; includeInIndex = 0; path = MumbleKit.framework; sourceTree = BUILT_PRODUCTS_DIR; };
		28074E8E158A6E5100E0A4D0 /* MKAudioOutputSidetone.h */ = {isa = PBXFileReference; fileEncoding = 4; lastKnownFileType = sourcecode.c.h; name = MKAudioOutputSidetone.h; path = src/MKAudioOutputSidetone.h; sourceTree = SOURCE_ROOT; };
		28074E8F158A6E5100E0A4D0 /* MKAudioOutputSidetone.m */ = {isa = PBXFileReference; fileEncoding = 4; lastKnownFileType = sourcecode.c.objc; name = MKAudioOutputSidetone.m; path = src/MKAudioOutputSidetone.m; sourceTree = SOURCE_ROOT; };
		2815C4DE150D559800136082 /* AppStore.xcconfig */ = {isa = PBXFileReference; fileEncoding = 4; lastKnownFileType = text.xcconfig; name = AppStore.xcconfig; path = cfg/AppStore.xcconfig; sourceTree = "<group>"; };
		2815C4DF150D559800136082 /* Base.xcconfig */ = {isa = PBXFileReference; fileEncoding = 4; lastKnownFileType = text.xcconfig; name = Base.xcconfig; path = cfg/Base.xcconfig; sourceTree = "<group>"; };
		2815C4E0150D559800136082 /* BetaDist.xcconfig */ = {isa = PBXFileReference; fileEncoding = 4; lastKnownFileType = text.xcconfig; name = BetaDist.xcconfig; path = cfg/BetaDist.xcconfig; sourceTree = "<group>"; };
		2815C4E1150D559800136082 /* Release.xcconfig */ = {isa = PBXFileReference; fileEncoding = 4; lastKnownFileType = text.xcconfig; name = Release.xcconfig; path = cfg/Release.xcconfig; sourceTree = "<group>"; };
		2815C4E6150D55BC00136082 /* Debug.xcconfig */ = {isa = PBXFileReference; fileEncoding = 4; lastKnownFileType = text.xcconfig; name = Debug.xcconfig; path = cfg/Debug.xcconfig; sourceTree = "<group>"; };
		281EADA31530EA30000793AB /* MKDistinguishedNameParser.h */ = {isa = PBXFileReference; fileEncoding = 4; lastKnownFileType = sourcecode.c.h; name = MKDistinguishedNameParser.h; path = src/MKDistinguishedNameParser.h; sourceTree = SOURCE_ROOT; };
		281EADA41530EA30000793AB /* MKDistinguishedNameParser.m */ = {isa = PBXFileReference; fileEncoding = 4; lastKnownFileType = sourcecode.c.objc; name = MKDistinguishedNameParser.m; path = src/MKDistinguishedNameParser.m; sourceTree = SOURCE_ROOT; };
		282F6B0613624187008F555B /* MKServerPinger.h */ = {isa = PBXFileReference; fileEncoding = 4; lastKnownFileType = sourcecode.c.h; name = MKServerPinger.h; path = src/MumbleKit/MKServerPinger.h; sourceTree = SOURCE_ROOT; };
		282F6B0713624187008F555B /* MKServerPinger.m */ = {isa = PBXFileReference; fileEncoding = 4; lastKnownFileType = sourcecode.c.objc; name = MKServerPinger.m; path = src/MKServerPinger.m; sourceTree = SOURCE_ROOT; };
		283363DC13EF535B00A04F04 /* MKChannelPrivate.h */ = {isa = PBXFileReference; fileEncoding = 4; lastKnownFileType = sourcecode.c.h; name = MKChannelPrivate.h; path = src/MKChannelPrivate.h; sourceTree = SOURCE_ROOT; };
		283363DE13EF536C00A04F04 /* MKUserPrivate.h */ = {isa = PBXFileReference; fileEncoding = 4; lastKnownFileType = sourcecode.c.h; name = MKUserPrivate.h; path = src/MKUserPrivate.h; sourceTree = SOURCE_ROOT; };
		2845A71A132D9B2F0034D631 /* MumbleKit.framework */ = {isa = PBXFileReference; explicitFileType = wrapper.framework; includeInIndex = 0; path = MumbleKit.framework; sourceTree = BUILT_PRODUCTS_DIR; };
		2845A781132D9C220034D631 /* CryptState.cpp */ = {isa = PBXFileReference; fileEncoding = 4; lastKnownFileType = sourcecode.cpp.cpp; name = CryptState.cpp; path = src/CryptState.cpp; sourceTree = SOURCE_ROOT; };
		2845A782132D9C220034D631 /* MKAudio.m */ = {isa = PBXFileReference; fileEncoding = 4; lastKnownFileType = sourcecode.c.objc; name = MKAudio.m; path = src/MKAudio.m; sourceTree = SOURCE_ROOT; };
		2845A783132D9C220034D631 /* MKAudioInput.m */ = {isa = PBXFileReference; fileEncoding = 4; lastKnownFileType = sourcecode.c.objc; name = MKAudioInput.m; path = src/MKAudioInput.m; sourceTree = SOURCE_ROOT; };
		2845A784132D9C220034D631 /* MKAudioOutput.m */ = {isa = PBXFileReference; fileEncoding = 4; lastKnownFileType = sourcecode.c.objc; name = MKAudioOutput.m; path = src/MKAudioOutput.m; sourceTree = SOURCE_ROOT; };
		2845A785132D9C220034D631 /* MKAudioOutputSpeech.m */ = {isa = PBXFileReference; fileEncoding = 4; lastKnownFileType = sourcecode.c.objc; name = MKAudioOutputSpeech.m; path = src/MKAudioOutputSpeech.m; sourceTree = SOURCE_ROOT; };
		2845A786132D9C220034D631 /* MKAudioOutputUser.m */ = {isa = PBXFileReference; fileEncoding = 4; lastKnownFileType = sourcecode.c.objc; name = MKAudioOutputUser.m; path = src/MKAudioOutputUser.m; sourceTree = SOURCE_ROOT; };
		2845A787132D9C220034D631 /* MKCertificate.m */ = {isa = PBXFileReference; fileEncoding = 4; lastKnownFileType = sourcecode.c.objc; name = MKCertificate.m; path = src/MKCertificate.m; sourceTree = SOURCE_ROOT; };
		2845A788132D9C220034D631 /* MKChannel.m */ = {isa = PBXFileReference; fileEncoding = 4; lastKnownFileType = sourcecode.c.objc; name = MKChannel.m; path = src/MKChannel.m; sourceTree = SOURCE_ROOT; };
		2845A789132D9C220034D631 /* MKConnection.m */ = {isa = PBXFileReference; fileEncoding = 4; lastKnownFileType = sourcecode.c.objc; name = MKConnection.m; path = src/MKConnection.m; sourceTree = SOURCE_ROOT; };
		2845A78B132D9C220034D631 /* MKCryptState_openssl.mm */ = {isa = PBXFileReference; fileEncoding = 4; lastKnownFileType = sourcecode.cpp.objcpp; name = MKCryptState_openssl.mm; path = src/MKCryptState_openssl.mm; sourceTree = SOURCE_ROOT; };
		2845A78C132D9C220034D631 /* MKPacketDataStream.m */ = {isa = PBXFileReference; fileEncoding = 4; lastKnownFileType = sourcecode.c.objc; name = MKPacketDataStream.m; path = src/MKPacketDataStream.m; sourceTree = SOURCE_ROOT; };
		2845A78E132D9C220034D631 /* MKServerModel.m */ = {isa = PBXFileReference; fileEncoding = 4; lastKnownFileType = sourcecode.c.objc; name = MKServerModel.m; path = src/MKServerModel.m; sourceTree = SOURCE_ROOT; };
		2845A790132D9C220034D631 /* MKServices.m */ = {isa = PBXFileReference; fileEncoding = 4; lastKnownFileType = sourcecode.c.objc; name = MKServices.m; path = src/MKServices.m; sourceTree = SOURCE_ROOT; };
		2845A791132D9C220034D631 /* MKUser.m */ = {isa = PBXFileReference; fileEncoding = 4; lastKnownFileType = sourcecode.c.objc; name = MKUser.m; path = src/MKUser.m; sourceTree = SOURCE_ROOT; };
		2845A792132D9C220034D631 /* MKVersion.m */ = {isa = PBXFileReference; fileEncoding = 4; lastKnownFileType = sourcecode.c.objc; name = MKVersion.m; path = src/MKVersion.m; sourceTree = SOURCE_ROOT; };
		2845A793132D9C220034D631 /* MulticastDelegate.m */ = {isa = PBXFileReference; fileEncoding = 4; lastKnownFileType = sourcecode.c.objc; name = MulticastDelegate.m; path = src/MulticastDelegate.m; sourceTree = SOURCE_ROOT; };
		2845A7BB132D9C400034D631 /* MKUserPrivate.h */ = {isa = PBXFileReference; fileEncoding = 4; lastKnownFileType = sourcecode.c.h; name = MKUserPrivate.h; path = src/MKUserPrivate.h; sourceTree = SOURCE_ROOT; };
		2845A7BC132D9C400034D631 /* MulticastDelegate.h */ = {isa = PBXFileReference; fileEncoding = 4; lastKnownFileType = sourcecode.c.h; name = MulticastDelegate.h; path = src/MulticastDelegate.h; sourceTree = SOURCE_ROOT; };
		2845A7C4132D9C460034D631 /* CryptState.h */ = {isa = PBXFileReference; fileEncoding = 4; lastKnownFileType = sourcecode.c.h; name = CryptState.h; path = src/CryptState.h; sourceTree = SOURCE_ROOT; };
		2845A7C7132D9C520034D631 /* MKAudio.h */ = {isa = PBXFileReference; fileEncoding = 4; lastKnownFileType = sourcecode.c.h; name = MKAudio.h; path = src/MumbleKit/MKAudio.h; sourceTree = SOURCE_ROOT; };
		2845A7C8132D9C520034D631 /* MKAudioInput.h */ = {isa = PBXFileReference; fileEncoding = 4; lastKnownFileType = sourcecode.c.h; name = MKAudioInput.h; path = src/MKAudioInput.h; sourceTree = SOURCE_ROOT; };
		2845A7C9132D9C520034D631 /* MKAudioOutput.h */ = {isa = PBXFileReference; fileEncoding = 4; lastKnownFileType = sourcecode.c.h; name = MKAudioOutput.h; path = src/MKAudioOutput.h; sourceTree = SOURCE_ROOT; };
		2845A7CA132D9C520034D631 /* MKAudioOutputSpeech.h */ = {isa = PBXFileReference; fileEncoding = 4; lastKnownFileType = sourcecode.c.h; name = MKAudioOutputSpeech.h; path = src/MKAudioOutputSpeech.h; sourceTree = SOURCE_ROOT; };
		2845A7CB132D9C520034D631 /* MKAudioOutputUser.h */ = {isa = PBXFileReference; fileEncoding = 4; lastKnownFileType = sourcecode.c.h; name = MKAudioOutputUser.h; path = src/MKAudioOutputUser.h; sourceTree = SOURCE_ROOT; };
		2845A7CC132D9C520034D631 /* MKCertificate.h */ = {isa = PBXFileReference; fileEncoding = 4; lastKnownFileType = sourcecode.c.h; name = MKCertificate.h; path = src/MumbleKit/MKCertificate.h; sourceTree = SOURCE_ROOT; };
		2845A7CD132D9C520034D631 /* MKChannel.h */ = {isa = PBXFileReference; fileEncoding = 4; lastKnownFileType = sourcecode.c.h; name = MKChannel.h; path = src/MumbleKit/MKChannel.h; sourceTree = SOURCE_ROOT; };
		2845A7CE132D9C520034D631 /* MKConnection.h */ = {isa = PBXFileReference; fileEncoding = 4; lastKnownFileType = sourcecode.c.h; name = MKConnection.h; path = src/MumbleKit/MKConnection.h; sourceTree = SOURCE_ROOT; };
		2845A7D0132D9C520034D631 /* MKCryptState.h */ = {isa = PBXFileReference; fileEncoding = 4; lastKnownFileType = sourcecode.c.h; name = MKCryptState.h; path = src/MKCryptState.h; sourceTree = SOURCE_ROOT; };
		2845A7D1132D9C520034D631 /* MKPacketDataStream.h */ = {isa = PBXFileReference; fileEncoding = 4; lastKnownFileType = sourcecode.c.h; name = MKPacketDataStream.h; path = src/MKPacketDataStream.h; sourceTree = SOURCE_ROOT; };
		2845A7D3132D9C520034D631 /* MKServerModel.h */ = {isa = PBXFileReference; fileEncoding = 4; lastKnownFileType = sourcecode.c.h; name = MKServerModel.h; path = src/MumbleKit/MKServerModel.h; sourceTree = SOURCE_ROOT; };
		2845A7D5132D9C520034D631 /* MKServices.h */ = {isa = PBXFileReference; fileEncoding = 4; lastKnownFileType = sourcecode.c.h; name = MKServices.h; path = src/MumbleKit/MKServices.h; sourceTree = SOURCE_ROOT; };
		2845A7D6132D9C520034D631 /* MKUser.h */ = {isa = PBXFileReference; fileEncoding = 4; lastKnownFileType = sourcecode.c.h; name = MKUser.h; path = src/MumbleKit/MKUser.h; sourceTree = SOURCE_ROOT; };
		2845A7D7132D9C520034D631 /* MKUtils.h */ = {isa = PBXFileReference; fileEncoding = 4; lastKnownFileType = sourcecode.c.h; name = MKUtils.h; path = src/MKUtils.h; sourceTree = SOURCE_ROOT; };
		2845A7D8132D9C520034D631 /* MKVersion.h */ = {isa = PBXFileReference; fileEncoding = 4; lastKnownFileType = sourcecode.c.h; name = MKVersion.h; path = src/MumbleKit/MKVersion.h; sourceTree = SOURCE_ROOT; };
		28492307132ED60700B4EAAC /* CELT-0.7.xcodeproj */ = {isa = PBXFileReference; lastKnownFileType = "wrapper.pb-project"; name = "CELT-0.7.xcodeproj"; path = "3rdparty/celt-0.7.0-build/CELT-0.7.xcodeproj"; sourceTree = "<group>"; };
		28492321132ED61800B4EAAC /* ProtocolBuffers.xcodeproj */ = {isa = PBXFileReference; lastKnownFileType = "wrapper.pb-project"; name = ProtocolBuffers.xcodeproj; path = 3rdparty/protobufbuild/ProtocolBuffers.xcodeproj; sourceTree = "<group>"; };
		2849232D132ED63600B4EAAC /* OpenSSL.xcodeproj */ = {isa = PBXFileReference; lastKnownFileType = "wrapper.pb-project"; name = OpenSSL.xcodeproj; path = 3rdparty/opensslbuild/OpenSSL.xcodeproj; sourceTree = "<group>"; };
		2849233C132ED64C00B4EAAC /* Speex.xcodeproj */ = {isa = PBXFileReference; lastKnownFileType = "wrapper.pb-project"; name = Speex.xcodeproj; path = 3rdparty/speexbuild/Speex.xcodeproj; sourceTree = "<group>"; };
		28492348132ED65700B4EAAC /* SpeexDSP.xcodeproj */ = {isa = PBXFileReference; lastKnownFileType = "wrapper.pb-project"; name = SpeexDSP.xcodeproj; path = 3rdparty/speexdspbuild/SpeexDSP.xcodeproj; sourceTree = "<group>"; };
		2849235E132ED67E00B4EAAC /* CELT-0.7.0.dylib */ = {isa = PBXFileReference; explicitFileType = "compiled.mach-o.dylib"; path = "CELT-0.7.0.dylib"; sourceTree = BUILT_PRODUCTS_DIR; };
		2849235F132ED67E00B4EAAC /* OpenSSL.dylib */ = {isa = PBXFileReference; explicitFileType = "compiled.mach-o.dylib"; path = OpenSSL.dylib; sourceTree = BUILT_PRODUCTS_DIR; };
		28492360132ED67E00B4EAAC /* ProtocolBuffers.dylib */ = {isa = PBXFileReference; explicitFileType = "compiled.mach-o.dylib"; path = ProtocolBuffers.dylib; sourceTree = BUILT_PRODUCTS_DIR; };
		28492361132ED67E00B4EAAC /* Speex.dylib */ = {isa = PBXFileReference; explicitFileType = "compiled.mach-o.dylib"; path = Speex.dylib; sourceTree = BUILT_PRODUCTS_DIR; };
		28492362132ED67E00B4EAAC /* SpeexDSP.dylib */ = {isa = PBXFileReference; explicitFileType = "compiled.mach-o.dylib"; path = SpeexDSP.dylib; sourceTree = BUILT_PRODUCTS_DIR; };
		284C1ABA161CABCC00B87340 /* MKVoiceProcessingDevice.h */ = {isa = PBXFileReference; fileEncoding = 4; lastKnownFileType = sourcecode.c.h; name = MKVoiceProcessingDevice.h; path = src/MKVoiceProcessingDevice.h; sourceTree = SOURCE_ROOT; };
		284C1ABB161CABCC00B87340 /* MKVoiceProcessingDevice.m */ = {isa = PBXFileReference; fileEncoding = 4; lastKnownFileType = sourcecode.c.objc; name = MKVoiceProcessingDevice.m; path = src/MKVoiceProcessingDevice.m; sourceTree = SOURCE_ROOT; };
		28503D5F168793C400A78419 /* MKMacAudioDevice.m */ = {isa = PBXFileReference; fileEncoding = 4; lastKnownFileType = sourcecode.c.objc; name = MKMacAudioDevice.m; path = src/MKMacAudioDevice.m; sourceTree = SOURCE_ROOT; };
		28503D61168793CE00A78419 /* MKMacAudioDevice.h */ = {isa = PBXFileReference; fileEncoding = 4; lastKnownFileType = sourcecode.c.h; name = MKMacAudioDevice.h; path = src/MKMacAudioDevice.h; sourceTree = SOURCE_ROOT; };
		285B425814E6E1200045E282 /* Opus.xcodeproj */ = {isa = PBXFileReference; lastKnownFileType = "wrapper.pb-project"; name = Opus.xcodeproj; path = 3rdparty/opusbuild/Opus.xcodeproj; sourceTree = "<group>"; };
		2879526114C1BAB900567430 /* MKTextMessage.m */ = {isa = PBXFileReference; fileEncoding = 4; lastKnownFileType = sourcecode.c.objc; name = MKTextMessage.m; path = src/MKTextMessage.m; sourceTree = SOURCE_ROOT; };
		2879526714C1BDD800567430 /* MKTextMessage.h */ = {isa = PBXFileReference; fileEncoding = 4; lastKnownFileType = sourcecode.c.h; name = MKTextMessage.h; path = src/MumbleKit/MKTextMessage.h; sourceTree = SOURCE_ROOT; };
		288211BE161CE44B00E72F91 /* MKAudioDevice.h */ = {isa = PBXFileReference; fileEncoding = 4; lastKnownFileType = sourcecode.c.h; name = MKAudioDevice.h; path = src/MKAudioDevice.h; sourceTree = SOURCE_ROOT; };
		288211BF161CE44B00E72F91 /* MKAudioDevice.m */ = {isa = PBXFileReference; fileEncoding = 4; lastKnownFileType = sourcecode.c.objc; name = MKAudioDevice.m; path = src/MKAudioDevice.m; sourceTree = SOURCE_ROOT; };
		288211C5161CECD000E72F91 /* MKiOSAudioDevice.h */ = {isa = PBXFileReference; fileEncoding = 4; lastKnownFileType = sourcecode.c.h; name = MKiOSAudioDevice.h; path = src/MKiOSAudioDevice.h; sourceTree = SOURCE_ROOT; };
		288211C6161CECD000E72F91 /* MKiOSAudioDevice.m */ = {isa = PBXFileReference; fileEncoding = 4; lastKnownFileType = sourcecode.c.objc; name = MKiOSAudioDevice.m; path = src/MKiOSAudioDevice.m; sourceTree = SOURCE_ROOT; };
		28CC36EA132ED87000241269 /* Security.framework */ = {isa = PBXFileReference; lastKnownFileType = wrapper.framework; name = Security.framework; path = SDKs/MacOSX10.6.sdk/System/Library/Frameworks/Security.framework; sourceTree = DEVELOPER_DIR; };
		28CC36EC132ED88200241269 /* Foundation.framework */ = {isa = PBXFileReference; lastKnownFileType = wrapper.framework; name = Foundation.framework; path = SDKs/MacOSX10.6.sdk/System/Library/Frameworks/Foundation.framework; sourceTree = DEVELOPER_DIR; };
		28CC36EE132ED88A00241269 /* Cocoa.framework */ = {isa = PBXFileReference; lastKnownFileType = wrapper.framework; name = Cocoa.framework; path = SDKs/MacOSX10.6.sdk/System/Library/Frameworks/Cocoa.framework; sourceTree = DEVELOPER_DIR; };
		28CC36F0132ED89A00241269 /* CoreServices.framework */ = {isa = PBXFileReference; lastKnownFileType = wrapper.framework; name = CoreServices.framework; path = SDKs/MacOSX10.6.sdk/System/Library/Frameworks/CoreServices.framework; sourceTree = DEVELOPER_DIR; };
		28CC36F2132ED8B300241269 /* AudioToolbox.framework */ = {isa = PBXFileReference; lastKnownFileType = wrapper.framework; name = AudioToolbox.framework; path = SDKs/MacOSX10.6.sdk/System/Library/Frameworks/AudioToolbox.framework; sourceTree = DEVELOPER_DIR; };
		28CC36F4132ED8BA00241269 /* AudioUnit.framework */ = {isa = PBXFileReference; lastKnownFileType = wrapper.framework; name = AudioUnit.framework; path = SDKs/MacOSX10.6.sdk/System/Library/Frameworks/AudioUnit.framework; sourceTree = DEVELOPER_DIR; };
		28CC36F6132ED8C300241269 /* CoreAudio.framework */ = {isa = PBXFileReference; lastKnownFileType = wrapper.framework; name = CoreAudio.framework; path = SDKs/MacOSX10.6.sdk/System/Library/Frameworks/CoreAudio.framework; sourceTree = DEVELOPER_DIR; };
		28CC36F8132ED92500241269 /* Mumble.pb.m */ = {isa = PBXFileReference; fileEncoding = 4; lastKnownFileType = sourcecode.c.objc; name = Mumble.pb.m; path = proto/Mumble.pb.m; sourceTree = SOURCE_ROOT; };
		28CC36F9132ED92500241269 /* ObjectivecDescriptor.pb.m */ = {isa = PBXFileReference; fileEncoding = 4; lastKnownFileType = sourcecode.c.objc; name = ObjectivecDescriptor.pb.m; path = proto/ObjectivecDescriptor.pb.m; sourceTree = SOURCE_ROOT; };
		28CC370E132EDC7300241269 /* libCELT-0.7.0.a */ = {isa = PBXFileReference; explicitFileType = archive.ar; path = "libCELT-0.7.0.a"; sourceTree = BUILT_PRODUCTS_DIR; };
		28CC370F132EDC7300241269 /* libOpenSSL.a */ = {isa = PBXFileReference; explicitFileType = archive.ar; path = libOpenSSL.a; sourceTree = BUILT_PRODUCTS_DIR; };
		28CC3710132EDC7300241269 /* libProtocolBuffers.a */ = {isa = PBXFileReference; explicitFileType = archive.ar; path = libProtocolBuffers.a; sourceTree = BUILT_PRODUCTS_DIR; };
		28CC3711132EDC7300241269 /* libSpeex.a */ = {isa = PBXFileReference; explicitFileType = archive.ar; path = libSpeex.a; sourceTree = BUILT_PRODUCTS_DIR; };
		28CC3712132EDC7300241269 /* libSpeexDSP.a */ = {isa = PBXFileReference; explicitFileType = archive.ar; path = libSpeexDSP.a; sourceTree = BUILT_PRODUCTS_DIR; };
		28F2FAD413E37BA000034BF2 /* MKAudioOutputUserPrivate.h */ = {isa = PBXFileReference; fileEncoding = 4; lastKnownFileType = sourcecode.c.h; name = MKAudioOutputUserPrivate.h; path = src/MKAudioOutputUserPrivate.h; sourceTree = SOURCE_ROOT; };
		BCD11DF1158F3FD600321E06 /* MKPermission.h */ = {isa = PBXFileReference; fileEncoding = 4; lastKnownFileType = sourcecode.c.h; name = MKPermission.h; path = src/MumbleKit/MKPermission.h; sourceTree = SOURCE_ROOT; };
		BCD11DF4158F40A900321E06 /* MKAccessControl.h */ = {isa = PBXFileReference; fileEncoding = 4; lastKnownFileType = sourcecode.c.h; name = MKAccessControl.h; path = src/MumbleKit/MKAccessControl.h; sourceTree = SOURCE_ROOT; };
		BCD11DF5158F40A900321E06 /* MKChannelACL.h */ = {isa = PBXFileReference; fileEncoding = 4; lastKnownFileType = sourcecode.c.h; name = MKChannelACL.h; path = src/MumbleKit/MKChannelACL.h; sourceTree = SOURCE_ROOT; };
		BCD11DF6158F40A900321E06 /* MKChannelGroup.h */ = {isa = PBXFileReference; fileEncoding = 4; lastKnownFileType = sourcecode.c.h; name = MKChannelGroup.h; path = src/MumbleKit/MKChannelGroup.h; sourceTree = SOURCE_ROOT; };
		BCD11E06158F40FA00321E06 /* MKAccessControl.m */ = {isa = PBXFileReference; fileEncoding = 4; lastKnownFileType = sourcecode.c.objc; name = MKAccessControl.m; path = src/MKAccessControl.m; sourceTree = SOURCE_ROOT; };
		BCD11E07158F40FA00321E06 /* MKChannelACL.m */ = {isa = PBXFileReference; fileEncoding = 4; lastKnownFileType = sourcecode.c.objc; name = MKChannelACL.m; path = src/MKChannelACL.m; sourceTree = SOURCE_ROOT; };
		BCD11E08158F40FA00321E06 /* MKChannelGroup.m */ = {isa = PBXFileReference; fileEncoding = 4; lastKnownFileType = sourcecode.c.objc; name = MKChannelGroup.m; path = src/MKChannelGroup.m; sourceTree = SOURCE_ROOT; };
/* End PBXFileReference section */

/* Begin PBXFrameworksBuildPhase section */
		17A6485A2C8000C300AAE816 /* Frameworks */ = {
			isa = PBXFrameworksBuildPhase;
			buildActionMask = 2147483647;
			files = (
				17A6485B2C8000C300AAE816 /* AudioToolbox.framework in Frameworks */,
				17A6485C2C8000C300AAE816 /* CoreAudio.framework in Frameworks */,
				17A648602C8000C300AAE816 /* CFNetwork.framework in Frameworks */,
				17A6489D2C80010500AAE816 /* libSpeexDSP.a in Frameworks */,
				17A648632C8000C300AAE816 /* CoreServices.framework in Frameworks */,
				17A648642C8000C300AAE816 /* Foundation.framework in Frameworks */,
				17A6489E2C80010D00AAE816 /* libSpeex.a in Frameworks */,
				17A648992C8000F300AAE816 /* libCELT-0.7.0.a in Frameworks */,
				17A6489B2C8000FD00AAE816 /* libOpus.a in Frameworks */,
				17A6489C2C80010100AAE816 /* libProtocolBuffers.a in Frameworks */,
				17A6489A2C8000F600AAE816 /* libOpenSSL.a in Frameworks */,
				17A648652C8000C300AAE816 /* Security.framework in Frameworks */,
				17A648662C8000C300AAE816 /* UIKit.framework in Frameworks */,
			);
			runOnlyForDeploymentPostprocessing = 0;
		};
		2845A716132D9B2F0034D631 /* Frameworks */ = {
			isa = PBXFrameworksBuildPhase;
			buildActionMask = 2147483647;
			files = (
				1761AAEF2C79C2A100D85EE0 /* AudioToolbox.framework in Frameworks */,
				1761AADD2C79AA2900D85EE0 /* CoreAudio.framework in Frameworks */,
				1761AEB62C79C8B700D85EE0 /* ProtocolBuffers.dylib in Frameworks */,
				1761AEAF2C79C8AB00D85EE0 /* CELT-0.7.0.dylib in Frameworks */,
				1761AEB42C79C8B400D85EE0 /* Opus.dylib in Frameworks */,
				1761AACE2C79A67C00D85EE0 /* CFNetwork.framework in Frameworks */,
				1761AEB82C79C8BB00D85EE0 /* Speex.dylib in Frameworks */,
				1761AEBA2C79C8BF00D85EE0 /* SpeexDSP.dylib in Frameworks */,
				28CC36F1132ED89A00241269 /* CoreServices.framework in Frameworks */,
				28CC36ED132ED88200241269 /* Foundation.framework in Frameworks */,
				28CC36EB132ED87100241269 /* Security.framework in Frameworks */,
				1794B1BD2C7992A800CAA68A /* UIKit.framework in Frameworks */,
				1761AEB22C79C8AE00D85EE0 /* OpenSSL.dylib in Frameworks */,
			);
			runOnlyForDeploymentPostprocessing = 0;
		};
/* End PBXFrameworksBuildPhase section */

/* Begin PBXGroup section */
		2815C4DD150D558B00136082 /* Build Configurations */ = {
			isa = PBXGroup;
			children = (
				2815C4DE150D559800136082 /* AppStore.xcconfig */,
				2815C4DF150D559800136082 /* Base.xcconfig */,
				2815C4E0150D559800136082 /* BetaDist.xcconfig */,
				2815C4E1150D559800136082 /* Release.xcconfig */,
				2815C4E6150D55BC00136082 /* Debug.xcconfig */,
			);
			name = "Build Configurations";
			sourceTree = "<group>";
		};
		2835C27E132AE4150095FB41 /* Third Party */ = {
			isa = PBXGroup;
			children = (
				2849232D132ED63600B4EAAC /* OpenSSL.xcodeproj */,
				28492321132ED61800B4EAAC /* ProtocolBuffers.xcodeproj */,
				28492307132ED60700B4EAAC /* CELT-0.7.xcodeproj */,
				285B425814E6E1200045E282 /* Opus.xcodeproj */,
				2849233C132ED64C00B4EAAC /* Speex.xcodeproj */,
				28492348132ED65700B4EAAC /* SpeexDSP.xcodeproj */,
			);
			name = "Third Party";
			sourceTree = "<group>";
		};
		2845A71D132D9B2F0034D631 /* Mac Frameworks */ = {
			isa = PBXGroup;
			children = (
				28CC36F6132ED8C300241269 /* CoreAudio.framework */,
				28CC36F4132ED8BA00241269 /* AudioUnit.framework */,
				28CC36F2132ED8B300241269 /* AudioToolbox.framework */,
				28CC36F0132ED89A00241269 /* CoreServices.framework */,
				28CC36EE132ED88A00241269 /* Cocoa.framework */,
				28CC36EC132ED88200241269 /* Foundation.framework */,
				28CC36EA132ED87000241269 /* Security.framework */,
				2849235E132ED67E00B4EAAC /* CELT-0.7.0.dylib */,
				2849235F132ED67E00B4EAAC /* OpenSSL.dylib */,
				28492360132ED67E00B4EAAC /* ProtocolBuffers.dylib */,
				28492361132ED67E00B4EAAC /* Speex.dylib */,
				28492362132ED67E00B4EAAC /* SpeexDSP.dylib */,
			);
			name = "Mac Frameworks";
			sourceTree = "<group>";
		};
		2845A77F132D9BF10034D631 /* Sources */ = {
			isa = PBXGroup;
			children = (
				28CC36F8132ED92500241269 /* Mumble.pb.m */,
				28CC36F9132ED92500241269 /* ObjectivecDescriptor.pb.m */,
				BCD11E06158F40FA00321E06 /* MKAccessControl.m */,
				2845A781132D9C220034D631 /* CryptState.cpp */,
				2845A782132D9C220034D631 /* MKAudio.m */,
				288211BF161CE44B00E72F91 /* MKAudioDevice.m */,
				288211C6161CECD000E72F91 /* MKiOSAudioDevice.m */,
				28503D5F168793C400A78419 /* MKMacAudioDevice.m */,
				284C1ABB161CABCC00B87340 /* MKVoiceProcessingDevice.m */,
				2845A783132D9C220034D631 /* MKAudioInput.m */,
				2845A784132D9C220034D631 /* MKAudioOutput.m */,
				2845A785132D9C220034D631 /* MKAudioOutputSpeech.m */,
				28074E8F158A6E5100E0A4D0 /* MKAudioOutputSidetone.m */,
				2845A786132D9C220034D631 /* MKAudioOutputUser.m */,
				2845A787132D9C220034D631 /* MKCertificate.m */,
				2845A788132D9C220034D631 /* MKChannel.m */,
				BCD11E07158F40FA00321E06 /* MKChannelACL.m */,
				BCD11E08158F40FA00321E06 /* MKChannelGroup.m */,
				2845A789132D9C220034D631 /* MKConnection.m */,
				2845A78B132D9C220034D631 /* MKCryptState_openssl.mm */,
				2845A78C132D9C220034D631 /* MKPacketDataStream.m */,
				2845A78E132D9C220034D631 /* MKServerModel.m */,
				282F6B0713624187008F555B /* MKServerPinger.m */,
				2845A790132D9C220034D631 /* MKServices.m */,
				2845A791132D9C220034D631 /* MKUser.m */,
				2845A792132D9C220034D631 /* MKVersion.m */,
				2845A793132D9C220034D631 /* MulticastDelegate.m */,
				2879526114C1BAB900567430 /* MKTextMessage.m */,
				281EADA41530EA30000793AB /* MKDistinguishedNameParser.m */,
			);
			name = Sources;
			sourceTree = "<group>";
		};
		2845A780132D9BF50034D631 /* Public Headers */ = {
			isa = PBXGroup;
			children = (
				BCD11DF4158F40A900321E06 /* MKAccessControl.h */,
				2845A7C7132D9C520034D631 /* MKAudio.h */,
				2845A7CC132D9C520034D631 /* MKCertificate.h */,
				2845A7CD132D9C520034D631 /* MKChannel.h */,
				BCD11DF5158F40A900321E06 /* MKChannelACL.h */,
				BCD11DF6158F40A900321E06 /* MKChannelGroup.h */,
				2845A7CE132D9C520034D631 /* MKConnection.h */,
				BCD11DF1158F3FD600321E06 /* MKPermission.h */,
				2845A7D3132D9C520034D631 /* MKServerModel.h */,
				282F6B0613624187008F555B /* MKServerPinger.h */,
				2845A7D5132D9C520034D631 /* MKServices.h */,
				2845A7D6132D9C520034D631 /* MKUser.h */,
				2845A7D8132D9C520034D631 /* MKVersion.h */,
				2879526714C1BDD800567430 /* MKTextMessage.h */,
				1794B4682C79A21A00CAA68A /* MumbleKit.h */,
			);
			name = "Public Headers";
			sourceTree = "<group>";
		};
		2845A7BA132D9C310034D631 /* Private Headers */ = {
			isa = PBXGroup;
			children = (
				2845A7C4132D9C460034D631 /* CryptState.h */,
				2845A7BB132D9C400034D631 /* MKUserPrivate.h */,
				2845A7BC132D9C400034D631 /* MulticastDelegate.h */,
				28F2FAD413E37BA000034BF2 /* MKAudioOutputUserPrivate.h */,
				288211BE161CE44B00E72F91 /* MKAudioDevice.h */,
				288211C5161CECD000E72F91 /* MKiOSAudioDevice.h */,
				28503D61168793CE00A78419 /* MKMacAudioDevice.h */,
				284C1ABA161CABCC00B87340 /* MKVoiceProcessingDevice.h */,
				2845A7C8132D9C520034D631 /* MKAudioInput.h */,
				2845A7C9132D9C520034D631 /* MKAudioOutput.h */,
				2845A7CA132D9C520034D631 /* MKAudioOutputSpeech.h */,
				28074E8E158A6E5100E0A4D0 /* MKAudioOutputSidetone.h */,
				2845A7CB132D9C520034D631 /* MKAudioOutputUser.h */,
				2845A7D7132D9C520034D631 /* MKUtils.h */,
				2845A7D0132D9C520034D631 /* MKCryptState.h */,
				2845A7D1132D9C520034D631 /* MKPacketDataStream.h */,
				283363DC13EF535B00A04F04 /* MKChannelPrivate.h */,
				283363DE13EF536C00A04F04 /* MKUserPrivate.h */,
				281EADA31530EA30000793AB /* MKDistinguishedNameParser.h */,
			);
			name = "Private Headers";
			sourceTree = "<group>";
		};
		28492308132ED60700B4EAAC /* Products */ = {
			isa = PBXGroup;
			children = (
				28492310132ED60700B4EAAC /* libCELT-0.7.0.a */,
				1761AE8B2C79C65E00D85EE0 /* CELT-0.7.0.dylib */,
			);
			name = Products;
			sourceTree = "<group>";
		};
		28492322132ED61800B4EAAC /* Products */ = {
			isa = PBXGroup;
			children = (
				2849232A132ED61800B4EAAC /* libProtocolBuffers.a */,
				1761AE942C79C65E00D85EE0 /* ProtocolBuffers.dylib */,
			);
			name = Products;
			sourceTree = "<group>";
		};
		2849232E132ED63600B4EAAC /* Products */ = {
			isa = PBXGroup;
			children = (
				1794B1862C798AA700CAA68A /* libOpenSSL.a */,
				1761AE8E2C79C65E00D85EE0 /* OpenSSL.dylib */,
			);
			name = Products;
			sourceTree = "<group>";
		};
		2849233D132ED64C00B4EAAC /* Products */ = {
			isa = PBXGroup;
			children = (
				28492345132ED64D00B4EAAC /* libSpeex.a */,
				1761AE972C79C65E00D85EE0 /* Speex.dylib */,
			);
			name = Products;
			sourceTree = "<group>";
		};
		28492349132ED65700B4EAAC /* Products */ = {
			isa = PBXGroup;
			children = (
				28492351132ED65800B4EAAC /* libSpeexDSP.a */,
				1761AE9A2C79C65E00D85EE0 /* SpeexDSP.dylib */,
			);
			name = Products;
			sourceTree = "<group>";
		};
		285B425914E6E1200045E282 /* Products */ = {
			isa = PBXGroup;
			children = (
				285B426114E6E1200045E282 /* libOpus.a */,
				1761AE912C79C65E00D85EE0 /* Opus.dylib */,
			);
			name = Products;
			sourceTree = "<group>";
		};
		28BCF2B6132AE3B40003AEC1 = {
			isa = PBXGroup;
			children = (
				2835C27E132AE4150095FB41 /* Third Party */,
				28BCF2C6132AE3B40003AEC1 /* MumbleKit */,
				28BCF2C3132AE3B40003AEC1 /* Frameworks */,
				28BCF2C2132AE3B40003AEC1 /* Products */,
				2815C4DD150D558B00136082 /* Build Configurations */,
			);
			sourceTree = "<group>";
		};
		28BCF2C2132AE3B40003AEC1 /* Products */ = {
			isa = PBXGroup;
			children = (
				2845A71A132D9B2F0034D631 /* MumbleKit.framework */,
				17A648972C8000C300AAE816 /* MumbleKit.framework */,
			);
			name = Products;
			sourceTree = "<group>";
		};
		28BCF2C3132AE3B40003AEC1 /* Frameworks */ = {
			isa = PBXGroup;
			children = (
				1761AAEE2C79C2A100D85EE0 /* AudioToolbox.framework */,
				1761AAEC2C79C29A00D85EE0 /* CoreAudioTypes.framework */,
				1761AACC2C79A67200D85EE0 /* CFNetwork.framework */,
				1761AACA2C79A53C00D85EE0 /* AudioUnit.framework */,
				1761AAC82C79A51400D85EE0 /* CoreServices.framework */,
				1761AAC62C79A50200D85EE0 /* CoreAudio.framework */,
				1761AAC42C79A4F000D85EE0 /* Cocoa.framework */,
				1794B1BB2C79929D00CAA68A /* UIKit.framework */,
				1794B1B92C79929800CAA68A /* Security.framework */,
				1794B1B72C79929400CAA68A /* Foundation.framework */,
				1794B1B52C79928B00CAA68A /* AudioToolbox.framework */,
				28CC3718132EDC7900241269 /* iOS Frameworks */,
				2845A71D132D9B2F0034D631 /* Mac Frameworks */,
			);
			name = Frameworks;
			sourceTree = "<group>";
		};
		28BCF2C6132AE3B40003AEC1 /* MumbleKit */ = {
			isa = PBXGroup;
			children = (
				2845A7BA132D9C310034D631 /* Private Headers */,
				2845A780132D9BF50034D631 /* Public Headers */,
				2845A77F132D9BF10034D631 /* Sources */,
			);
			path = MumbleKit;
			sourceTree = "<group>";
		};
		28CC3718132EDC7900241269 /* iOS Frameworks */ = {
			isa = PBXGroup;
			children = (
				28CC370E132EDC7300241269 /* libCELT-0.7.0.a */,
				28CC370F132EDC7300241269 /* libOpenSSL.a */,
				28CC3710132EDC7300241269 /* libProtocolBuffers.a */,
				28CC3711132EDC7300241269 /* libSpeex.a */,
				28CC3712132EDC7300241269 /* libSpeexDSP.a */,
			);
			name = "iOS Frameworks";
			sourceTree = "<group>";
		};
/* End PBXGroup section */

/* Begin PBXHeadersBuildPhase section */
		17A648682C8000C300AAE816 /* Headers */ = {
			isa = PBXHeadersBuildPhase;
			buildActionMask = 2147483647;
			files = (
				17A648692C8000C300AAE816 /* MKAccessControl.h in Headers */,
				17A6486A2C8000C300AAE816 /* MKCertificate.h in Headers */,
				17A6486B2C8000C300AAE816 /* MKChannel.h in Headers */,
				17A6486C2C8000C300AAE816 /* MKConnection.h in Headers */,
				17A6486D2C8000C300AAE816 /* MKPermission.h in Headers */,
				17A6486E2C8000C300AAE816 /* MKServerModel.h in Headers */,
				17A6486F2C8000C300AAE816 /* MKServerPinger.h in Headers */,
				17A648702C8000C300AAE816 /* MKServices.h in Headers */,
				17A648712C8000C300AAE816 /* MKUser.h in Headers */,
				17A648722C8000C300AAE816 /* MumbleKit.h in Headers */,
				17A648732C8000C300AAE816 /* MKVersion.h in Headers */,
				17A648742C8000C300AAE816 /* MKAudio.h in Headers */,
				17A648752C8000C300AAE816 /* MKTextMessage.h in Headers */,
				17A648762C8000C300AAE816 /* MKChannelGroup.h in Headers */,
				17A648772C8000C300AAE816 /* MKChannelACL.h in Headers */,
				17A648782C8000C300AAE816 /* MKChannelPrivate.h in Headers */,
				17A648792C8000C300AAE816 /* MKiOSAudioDevice.h in Headers */,
				17A6487A2C8000C300AAE816 /* CryptState.h in Headers */,
				17A6487B2C8000C300AAE816 /* MKAudioDevice.h in Headers */,
				17A6487C2C8000C300AAE816 /* MKAudioOutputUserPrivate.h in Headers */,
				17A6487D2C8000C300AAE816 /* MKAudioInput.h in Headers */,
				17A6487E2C8000C300AAE816 /* MKUserPrivate.h in Headers */,
				17A6487F2C8000C300AAE816 /* MKAudioOutput.h in Headers */,
				17A648802C8000C300AAE816 /* MulticastDelegate.h in Headers */,
				17A648812C8000C300AAE816 /* MKCryptState.h in Headers */,
				17A648822C8000C300AAE816 /* MKUtils.h in Headers */,
				17A648832C8000C300AAE816 /* MKAudioOutputSpeech.h in Headers */,
				17A648842C8000C300AAE816 /* MKAudioOutputUser.h in Headers */,
				17A648852C8000C300AAE816 /* MKPacketDataStream.h in Headers */,
				17A648862C8000C300AAE816 /* MKDistinguishedNameParser.h in Headers */,
				17A648872C8000C300AAE816 /* MKAudioOutputSidetone.h in Headers */,
				17A648882C8000C300AAE816 /* MKMacAudioDevice.h in Headers */,
				17A648892C8000C300AAE816 /* MKVoiceProcessingDevice.h in Headers */,
			);
			runOnlyForDeploymentPostprocessing = 0;
		};
		2845A717132D9B2F0034D631 /* Headers */ = {
			isa = PBXHeadersBuildPhase;
			buildActionMask = 2147483647;
			files = (
				BCD11DF8158F40A900321E06 /* MKAccessControl.h in Headers */,
				2845A7E4132D9C520034D631 /* MKCertificate.h in Headers */,
				2845A7E6132D9C520034D631 /* MKChannel.h in Headers */,
				2845A7E8132D9C520034D631 /* MKConnection.h in Headers */,
				BCD11DF3158F3FD600321E06 /* MKPermission.h in Headers */,
				2845A7F2132D9C520034D631 /* MKServerModel.h in Headers */,
				282F6B0913624187008F555B /* MKServerPinger.h in Headers */,
				2845A7F6132D9C520034D631 /* MKServices.h in Headers */,
				2845A7F8132D9C520034D631 /* MKUser.h in Headers */,
				1794B46A2C79A21A00CAA68A /* MumbleKit.h in Headers */,
				2845A7FC132D9C520034D631 /* MKVersion.h in Headers */,
				2845A7DA132D9C520034D631 /* MKAudio.h in Headers */,
				2879526914C1BDD800567430 /* MKTextMessage.h in Headers */,
				BCD11DFC158F40A900321E06 /* MKChannelGroup.h in Headers */,
				BCD11DFA158F40A900321E06 /* MKChannelACL.h in Headers */,
				1761AAC32C79A4BF00D85EE0 /* MKChannelPrivate.h in Headers */,
				1794B46B2C79A23D00CAA68A /* MKiOSAudioDevice.h in Headers */,
				2845A7C6132D9C460034D631 /* CryptState.h in Headers */,
				288211C1161CE44B00E72F91 /* MKAudioDevice.h in Headers */,
				28F2FAD613E37BA000034BF2 /* MKAudioOutputUserPrivate.h in Headers */,
				2845A7DC132D9C520034D631 /* MKAudioInput.h in Headers */,
				2845A7BF132D9C400034D631 /* MKUserPrivate.h in Headers */,
				2845A7DE132D9C520034D631 /* MKAudioOutput.h in Headers */,
				2845A7C1132D9C400034D631 /* MulticastDelegate.h in Headers */,
				2845A7EC132D9C520034D631 /* MKCryptState.h in Headers */,
				2845A7FA132D9C520034D631 /* MKUtils.h in Headers */,
				2845A7E0132D9C520034D631 /* MKAudioOutputSpeech.h in Headers */,
				2845A7E2132D9C520034D631 /* MKAudioOutputUser.h in Headers */,
				2808DD9413E4D8C0008448EA /* MKPacketDataStream.h in Headers */,
				281EADA61530EA30000793AB /* MKDistinguishedNameParser.h in Headers */,
				28074E91158A6E5100E0A4D0 /* MKAudioOutputSidetone.h in Headers */,
				28503D62168793CE00A78419 /* MKMacAudioDevice.h in Headers */,
				28CE05CA1687A442006E2739 /* MKVoiceProcessingDevice.h in Headers */,
			);
			runOnlyForDeploymentPostprocessing = 0;
		};
/* End PBXHeadersBuildPhase section */

/* Begin PBXNativeTarget section */
		17A6483B2C8000C300AAE816 /* MumbleKit-static */ = {
			isa = PBXNativeTarget;
			buildConfigurationList = 17A648922C8000C300AAE816 /* Build configuration list for PBXNativeTarget "MumbleKit-static" */;
			buildPhases = (
				17A6483C2C8000C300AAE816 /* Sources */,
				17A6485A2C8000C300AAE816 /* Frameworks */,
				17A648682C8000C300AAE816 /* Headers */,
				17A6488A2C8000C300AAE816 /* Resources */,
			);
			buildRules = (
			);
			dependencies = (
			);
			name = "MumbleKit-static";
			productName = MumbleKit;
			productReference = 17A648972C8000C300AAE816 /* MumbleKit.framework */;
			productType = "com.apple.product-type.framework";
		};
		2845A719132D9B2F0034D631 /* MumbleKit-dynamic */ = {
			isa = PBXNativeTarget;
			buildConfigurationList = 2845A728132D9B2F0034D631 /* Build configuration list for PBXNativeTarget "MumbleKit-dynamic" */;
			buildPhases = (
				2845A715132D9B2F0034D631 /* Sources */,
				2845A716132D9B2F0034D631 /* Frameworks */,
				2845A717132D9B2F0034D631 /* Headers */,
				2845A718132D9B2F0034D631 /* Resources */,
				1761AEB12C79C8AB00D85EE0 /* Embed Libraries */,
			);
			buildRules = (
			);
			dependencies = (
			);
			name = "MumbleKit-dynamic";
			productName = MumbleKit;
			productReference = 2845A71A132D9B2F0034D631 /* MumbleKit.framework */;
			productType = "com.apple.product-type.framework";
		};
/* End PBXNativeTarget section */

/* Begin PBXProject section */
		28BCF2B8132AE3B40003AEC1 /* Project object */ = {
			isa = PBXProject;
			attributes = {
				LastUpgradeCheck = 1230;
			};
			buildConfigurationList = 28BCF2BB132AE3B40003AEC1 /* Build configuration list for PBXProject "MumbleKit" */;
			compatibilityVersion = "Xcode 12.0";
			developmentRegion = en;
			hasScannedForEncodings = 0;
			knownRegions = (
				en,
				Base,
			);
			mainGroup = 28BCF2B6132AE3B40003AEC1;
			productRefGroup = 28BCF2C2132AE3B40003AEC1 /* Products */;
			projectDirPath = "";
			projectReferences = (
				{
					ProductGroup = 28492308132ED60700B4EAAC /* Products */;
					ProjectRef = 28492307132ED60700B4EAAC /* CELT-0.7.xcodeproj */;
				},
				{
					ProductGroup = 2849232E132ED63600B4EAAC /* Products */;
					ProjectRef = 2849232D132ED63600B4EAAC /* OpenSSL.xcodeproj */;
				},
				{
					ProductGroup = 285B425914E6E1200045E282 /* Products */;
					ProjectRef = 285B425814E6E1200045E282 /* Opus.xcodeproj */;
				},
				{
					ProductGroup = 28492322132ED61800B4EAAC /* Products */;
					ProjectRef = 28492321132ED61800B4EAAC /* ProtocolBuffers.xcodeproj */;
				},
				{
					ProductGroup = 2849233D132ED64C00B4EAAC /* Products */;
					ProjectRef = 2849233C132ED64C00B4EAAC /* Speex.xcodeproj */;
				},
				{
					ProductGroup = 28492349132ED65700B4EAAC /* Products */;
					ProjectRef = 28492348132ED65700B4EAAC /* SpeexDSP.xcodeproj */;
				},
			);
			projectRoot = "";
			targets = (
				2845A719132D9B2F0034D631 /* MumbleKit-dynamic */,
				17A6483B2C8000C300AAE816 /* MumbleKit-static */,
			);
		};
/* End PBXProject section */

/* Begin PBXReferenceProxy section */
		1761AE8B2C79C65E00D85EE0 /* CELT-0.7.0.dylib */ = {
			isa = PBXReferenceProxy;
			fileType = "compiled.mach-o.dylib";
			path = "CELT-0.7.0.dylib";
			remoteRef = 1761AE8A2C79C65E00D85EE0 /* PBXContainerItemProxy */;
			sourceTree = BUILT_PRODUCTS_DIR;
		};
		1761AE8E2C79C65E00D85EE0 /* OpenSSL.dylib */ = {
			isa = PBXReferenceProxy;
			fileType = "compiled.mach-o.dylib";
			path = OpenSSL.dylib;
			remoteRef = 1761AE8D2C79C65E00D85EE0 /* PBXContainerItemProxy */;
			sourceTree = BUILT_PRODUCTS_DIR;
		};
		1761AE912C79C65E00D85EE0 /* Opus.dylib */ = {
			isa = PBXReferenceProxy;
			fileType = "compiled.mach-o.dylib";
			path = Opus.dylib;
			remoteRef = 1761AE902C79C65E00D85EE0 /* PBXContainerItemProxy */;
			sourceTree = BUILT_PRODUCTS_DIR;
		};
		1761AE942C79C65E00D85EE0 /* ProtocolBuffers.dylib */ = {
			isa = PBXReferenceProxy;
			fileType = "compiled.mach-o.dylib";
			path = ProtocolBuffers.dylib;
			remoteRef = 1761AE932C79C65E00D85EE0 /* PBXContainerItemProxy */;
			sourceTree = BUILT_PRODUCTS_DIR;
		};
		1761AE972C79C65E00D85EE0 /* Speex.dylib */ = {
			isa = PBXReferenceProxy;
			fileType = "compiled.mach-o.dylib";
			path = Speex.dylib;
			remoteRef = 1761AE962C79C65E00D85EE0 /* PBXContainerItemProxy */;
			sourceTree = BUILT_PRODUCTS_DIR;
		};
		1761AE9A2C79C65E00D85EE0 /* SpeexDSP.dylib */ = {
			isa = PBXReferenceProxy;
			fileType = "compiled.mach-o.dylib";
			path = SpeexDSP.dylib;
			remoteRef = 1761AE992C79C65E00D85EE0 /* PBXContainerItemProxy */;
			sourceTree = BUILT_PRODUCTS_DIR;
		};
		1794B1862C798AA700CAA68A /* libOpenSSL.a */ = {
			isa = PBXReferenceProxy;
			fileType = archive.ar;
			path = libOpenSSL.a;
			remoteRef = 1794B1852C798AA700CAA68A /* PBXContainerItemProxy */;
			sourceTree = BUILT_PRODUCTS_DIR;
		};
		28492310132ED60700B4EAAC /* libCELT-0.7.0.a */ = {
			isa = PBXReferenceProxy;
			fileType = archive.ar;
			path = "libCELT-0.7.0.a";
			remoteRef = 2849230F132ED60700B4EAAC /* PBXContainerItemProxy */;
			sourceTree = BUILT_PRODUCTS_DIR;
		};
		2849232A132ED61800B4EAAC /* libProtocolBuffers.a */ = {
			isa = PBXReferenceProxy;
			fileType = archive.ar;
			path = libProtocolBuffers.a;
			remoteRef = 28492329132ED61800B4EAAC /* PBXContainerItemProxy */;
			sourceTree = BUILT_PRODUCTS_DIR;
		};
		28492345132ED64D00B4EAAC /* libSpeex.a */ = {
			isa = PBXReferenceProxy;
			fileType = archive.ar;
			path = libSpeex.a;
			remoteRef = 28492344132ED64D00B4EAAC /* PBXContainerItemProxy */;
			sourceTree = BUILT_PRODUCTS_DIR;
		};
		28492351132ED65800B4EAAC /* libSpeexDSP.a */ = {
			isa = PBXReferenceProxy;
			fileType = archive.ar;
			path = libSpeexDSP.a;
			remoteRef = 28492350132ED65800B4EAAC /* PBXContainerItemProxy */;
			sourceTree = BUILT_PRODUCTS_DIR;
		};
		285B426114E6E1200045E282 /* libOpus.a */ = {
			isa = PBXReferenceProxy;
			fileType = archive.ar;
			path = libOpus.a;
			remoteRef = 285B426014E6E1200045E282 /* PBXContainerItemProxy */;
			sourceTree = BUILT_PRODUCTS_DIR;
		};
/* End PBXReferenceProxy section */

/* Begin PBXResourcesBuildPhase section */
		17A6488A2C8000C300AAE816 /* Resources */ = {
			isa = PBXResourcesBuildPhase;
			buildActionMask = 2147483647;
			files = (
			);
			runOnlyForDeploymentPostprocessing = 0;
		};
		2845A718132D9B2F0034D631 /* Resources */ = {
			isa = PBXResourcesBuildPhase;
			buildActionMask = 2147483647;
			files = (
			);
			runOnlyForDeploymentPostprocessing = 0;
		};
/* End PBXResourcesBuildPhase section */

/* Begin PBXSourcesBuildPhase section */
		17A6483C2C8000C300AAE816 /* Sources */ = {
			isa = PBXSourcesBuildPhase;
			buildActionMask = 2147483647;
			files = (
				17A6483D2C8000C300AAE816 /* MKiOSAudioDevice.m in Sources */,
				17A6483E2C8000C300AAE816 /* CryptState.cpp in Sources */,
				17A6483F2C8000C300AAE816 /* MKAudio.m in Sources */,
				17A648402C8000C300AAE816 /* MKAudioInput.m in Sources */,
				17A648412C8000C300AAE816 /* MKAudioOutput.m in Sources */,
				17A648422C8000C300AAE816 /* MKAudioOutputSpeech.m in Sources */,
				17A648432C8000C300AAE816 /* MKAudioOutputUser.m in Sources */,
				17A648442C8000C300AAE816 /* MKCertificate.m in Sources */,
				17A648452C8000C300AAE816 /* MKChannel.m in Sources */,
				17A648462C8000C300AAE816 /* MKConnection.m in Sources */,
				17A648472C8000C300AAE816 /* MKCryptState_openssl.mm in Sources */,
				17A648482C8000C300AAE816 /* MKPacketDataStream.m in Sources */,
				17A648492C8000C300AAE816 /* MKServerModel.m in Sources */,
				17A6484A2C8000C300AAE816 /* MKServices.m in Sources */,
				17A6484B2C8000C300AAE816 /* MKUser.m in Sources */,
				17A6484C2C8000C300AAE816 /* MKVersion.m in Sources */,
				17A6484D2C8000C300AAE816 /* MulticastDelegate.m in Sources */,
				17A6484E2C8000C300AAE816 /* Mumble.pb.m in Sources */,
				17A6484F2C8000C300AAE816 /* ObjectivecDescriptor.pb.m in Sources */,
				17A648502C8000C300AAE816 /* MKServerPinger.m in Sources */,
				17A648512C8000C300AAE816 /* MKTextMessage.m in Sources */,
				17A648522C8000C300AAE816 /* MKDistinguishedNameParser.m in Sources */,
				17A648532C8000C300AAE816 /* MKAudioOutputSidetone.m in Sources */,
				17A648542C8000C300AAE816 /* MKAccessControl.m in Sources */,
				17A648552C8000C300AAE816 /* MKChannelACL.m in Sources */,
				17A648562C8000C300AAE816 /* MKChannelGroup.m in Sources */,
				17A648572C8000C300AAE816 /* MKAudioDevice.m in Sources */,
				17A648582C8000C300AAE816 /* MKMacAudioDevice.m in Sources */,
				17A648592C8000C300AAE816 /* MKVoiceProcessingDevice.m in Sources */,
			);
			runOnlyForDeploymentPostprocessing = 0;
		};
		2845A715132D9B2F0034D631 /* Sources */ = {
			isa = PBXSourcesBuildPhase;
			buildActionMask = 2147483647;
			files = (
				176D5AFE2C79A2830003D1FF /* MKiOSAudioDevice.m in Sources */,
				2845A795132D9C220034D631 /* CryptState.cpp in Sources */,
				2845A797132D9C220034D631 /* MKAudio.m in Sources */,
				2845A799132D9C220034D631 /* MKAudioInput.m in Sources */,
				2845A79B132D9C220034D631 /* MKAudioOutput.m in Sources */,
				2845A79D132D9C220034D631 /* MKAudioOutputSpeech.m in Sources */,
				2845A79F132D9C220034D631 /* MKAudioOutputUser.m in Sources */,
				2845A7A1132D9C220034D631 /* MKCertificate.m in Sources */,
				2845A7A3132D9C220034D631 /* MKChannel.m in Sources */,
				2845A7A5132D9C220034D631 /* MKConnection.m in Sources */,
				2845A7A9132D9C220034D631 /* MKCryptState_openssl.mm in Sources */,
				2845A7AB132D9C220034D631 /* MKPacketDataStream.m in Sources */,
				2845A7AF132D9C220034D631 /* MKServerModel.m in Sources */,
				2845A7B3132D9C220034D631 /* MKServices.m in Sources */,
				2845A7B5132D9C220034D631 /* MKUser.m in Sources */,
				2845A7B7132D9C220034D631 /* MKVersion.m in Sources */,
				2845A7B9132D9C220034D631 /* MulticastDelegate.m in Sources */,
				28CC36FB132ED92500241269 /* Mumble.pb.m in Sources */,
				28CC36FD132ED92500241269 /* ObjectivecDescriptor.pb.m in Sources */,
				282F6B0B13624187008F555B /* MKServerPinger.m in Sources */,
				2879526514C1BAB900567430 /* MKTextMessage.m in Sources */,
				281EADA81530EA30000793AB /* MKDistinguishedNameParser.m in Sources */,
				28074E93158A6E5100E0A4D0 /* MKAudioOutputSidetone.m in Sources */,
				BCD11E0A158F40FA00321E06 /* MKAccessControl.m in Sources */,
				BCD11E0C158F40FA00321E06 /* MKChannelACL.m in Sources */,
				BCD11E0E158F40FA00321E06 /* MKChannelGroup.m in Sources */,
				288211C3161CE44B00E72F91 /* MKAudioDevice.m in Sources */,
				28503D60168793C400A78419 /* MKMacAudioDevice.m in Sources */,
				28CE05CB1687A454006E2739 /* MKVoiceProcessingDevice.m in Sources */,
			);
			runOnlyForDeploymentPostprocessing = 0;
		};
/* End PBXSourcesBuildPhase section */

/* Begin XCBuildConfiguration section */
		17A648932C8000C300AAE816 /* Debug */ = {
			isa = XCBuildConfiguration;
			buildSettings = {
				DEFINES_MODULE = YES;
				ENABLE_MODULE_VERIFIER = YES;
				FRAMEWORK_SEARCH_PATHS = (
					"$(inherited)",
					"$(SDKROOT)/System/iOSSupport/System/Library/Frameworks",
				);
				INFOPLIST_FILE = "src/MumbleKit-MacOSX.plist";
				MACH_O_TYPE = staticlib;
				SUPPORTED_PLATFORMS = "iphoneos iphonesimulator macosx";
				SUPPORTS_MACCATALYST = NO;
				SUPPORTS_MAC_DESIGNED_FOR_IPHONE_IPAD = YES;
				TARGETED_DEVICE_FAMILY = "1,2,6";
			};
			name = Debug;
		};
		17A648942C8000C300AAE816 /* Release */ = {
			isa = XCBuildConfiguration;
			buildSettings = {
				DEFINES_MODULE = YES;
				ENABLE_MODULE_VERIFIER = YES;
				FRAMEWORK_SEARCH_PATHS = (
					"$(inherited)",
					"$(SDKROOT)/System/iOSSupport/System/Library/Frameworks",
				);
				INFOPLIST_FILE = "src/MumbleKit-MacOSX.plist";
				MACH_O_TYPE = staticlib;
				SUPPORTED_PLATFORMS = "iphoneos iphonesimulator macosx";
				SUPPORTS_MACCATALYST = NO;
				SUPPORTS_MAC_DESIGNED_FOR_IPHONE_IPAD = YES;
				TARGETED_DEVICE_FAMILY = "1,2,6";
			};
			name = Release;
		};
		17A648952C8000C300AAE816 /* AppStore */ = {
			isa = XCBuildConfiguration;
			buildSettings = {
				DEFINES_MODULE = YES;
				ENABLE_MODULE_VERIFIER = YES;
				FRAMEWORK_SEARCH_PATHS = (
					"$(inherited)",
					"$(SDKROOT)/System/iOSSupport/System/Library/Frameworks",
				);
				INFOPLIST_FILE = "src/MumbleKit-MacOSX.plist";
				MACH_O_TYPE = staticlib;
				SUPPORTED_PLATFORMS = "iphoneos iphonesimulator macosx";
				SUPPORTS_MACCATALYST = NO;
				SUPPORTS_MAC_DESIGNED_FOR_IPHONE_IPAD = YES;
				TARGETED_DEVICE_FAMILY = "1,2,6";
			};
			name = AppStore;
		};
		17A648962C8000C300AAE816 /* BetaDist */ = {
			isa = XCBuildConfiguration;
			buildSettings = {
				DEFINES_MODULE = YES;
				ENABLE_MODULE_VERIFIER = YES;
				FRAMEWORK_SEARCH_PATHS = (
					"$(inherited)",
					"$(SDKROOT)/System/iOSSupport/System/Library/Frameworks",
				);
				INFOPLIST_FILE = "src/MumbleKit-MacOSX.plist";
				MACH_O_TYPE = staticlib;
				SUPPORTED_PLATFORMS = "iphoneos iphonesimulator macosx";
				SUPPORTS_MACCATALYST = NO;
				SUPPORTS_MAC_DESIGNED_FOR_IPHONE_IPAD = YES;
				TARGETED_DEVICE_FAMILY = "1,2,6";
			};
			name = BetaDist;
		};
		2845A729132D9B2F0034D631 /* Debug */ = {
			isa = XCBuildConfiguration;
			buildSettings = {
				DEFINES_MODULE = YES;
				ENABLE_MODULE_VERIFIER = YES;
				FRAMEWORK_SEARCH_PATHS = (
					"$(inherited)",
					"$(SDKROOT)/System/iOSSupport/System/Library/Frameworks",
				);
				SUPPORTED_PLATFORMS = "iphoneos iphonesimulator macosx";
				SUPPORTS_MACCATALYST = NO;
				SUPPORTS_MAC_DESIGNED_FOR_IPHONE_IPAD = YES;
				TARGETED_DEVICE_FAMILY = "1,2,6";
			};
			name = Debug;
		};
		2845A72A132D9B2F0034D631 /* Release */ = {
			isa = XCBuildConfiguration;
			buildSettings = {
				DEFINES_MODULE = YES;
				ENABLE_MODULE_VERIFIER = YES;
				FRAMEWORK_SEARCH_PATHS = (
					"$(inherited)",
					"$(SDKROOT)/System/iOSSupport/System/Library/Frameworks",
				);
				SUPPORTED_PLATFORMS = "iphoneos iphonesimulator macosx";
				SUPPORTS_MACCATALYST = NO;
				SUPPORTS_MAC_DESIGNED_FOR_IPHONE_IPAD = YES;
				TARGETED_DEVICE_FAMILY = "1,2,6";
			};
			name = Release;
		};
		28498F1A138AB6A9000509DD /* BetaDist */ = {
			isa = XCBuildConfiguration;
			baseConfigurationReference = 2815C4E0150D559800136082 /* BetaDist.xcconfig */;
			buildSettings = {
				SDKROOT = auto;
			};
			name = BetaDist;
		};
		28498F1C138AB6A9000509DD /* BetaDist */ = {
			isa = XCBuildConfiguration;
			buildSettings = {
				DEFINES_MODULE = YES;
				ENABLE_MODULE_VERIFIER = YES;
				FRAMEWORK_SEARCH_PATHS = (
					"$(inherited)",
					"$(SDKROOT)/System/iOSSupport/System/Library/Frameworks",
				);
				SUPPORTED_PLATFORMS = "iphoneos iphonesimulator macosx";
				SUPPORTS_MACCATALYST = NO;
				SUPPORTS_MAC_DESIGNED_FOR_IPHONE_IPAD = YES;
				TARGETED_DEVICE_FAMILY = "1,2,6";
			};
			name = BetaDist;
		};
		28A2AEC21478A92700F3B83F /* AppStore */ = {
			isa = XCBuildConfiguration;
			baseConfigurationReference = 2815C4DE150D559800136082 /* AppStore.xcconfig */;
			buildSettings = {
				SDKROOT = auto;
			};
			name = AppStore;
		};
		28A2AEC41478A92700F3B83F /* AppStore */ = {
			isa = XCBuildConfiguration;
			buildSettings = {
				DEFINES_MODULE = YES;
				ENABLE_MODULE_VERIFIER = YES;
				FRAMEWORK_SEARCH_PATHS = (
					"$(inherited)",
					"$(SDKROOT)/System/iOSSupport/System/Library/Frameworks",
				);
				SUPPORTED_PLATFORMS = "iphoneos iphonesimulator macosx";
				SUPPORTS_MACCATALYST = NO;
				SUPPORTS_MAC_DESIGNED_FOR_IPHONE_IPAD = YES;
				TARGETED_DEVICE_FAMILY = "1,2,6";
			};
			name = AppStore;
		};
		28BCF2C9132AE3B40003AEC1 /* Debug */ = {
			isa = XCBuildConfiguration;
			baseConfigurationReference = 2815C4E6150D55BC00136082 /* Debug.xcconfig */;
			buildSettings = {
				ONLY_ACTIVE_ARCH = YES;
				SDKROOT = auto;
			};
			name = Debug;
		};
		28BCF2CA132AE3B40003AEC1 /* Release */ = {
			isa = XCBuildConfiguration;
			baseConfigurationReference = 2815C4E1150D559800136082 /* Release.xcconfig */;
			buildSettings = {
				SDKROOT = auto;
			};
			name = Release;
		};
/* End XCBuildConfiguration section */

/* Begin XCConfigurationList section */
		17A648922C8000C300AAE816 /* Build configuration list for PBXNativeTarget "MumbleKit-static" */ = {
			isa = XCConfigurationList;
			buildConfigurations = (
				17A648932C8000C300AAE816 /* Debug */,
				17A648942C8000C300AAE816 /* Release */,
				17A648952C8000C300AAE816 /* AppStore */,
				17A648962C8000C300AAE816 /* BetaDist */,
			);
			defaultConfigurationIsVisible = 0;
			defaultConfigurationName = Release;
		};
		2845A728132D9B2F0034D631 /* Build configuration list for PBXNativeTarget "MumbleKit-dynamic" */ = {
			isa = XCConfigurationList;
			buildConfigurations = (
				2845A729132D9B2F0034D631 /* Debug */,
				2845A72A132D9B2F0034D631 /* Release */,
				28A2AEC41478A92700F3B83F /* AppStore */,
				28498F1C138AB6A9000509DD /* BetaDist */,
			);
			defaultConfigurationIsVisible = 0;
			defaultConfigurationName = Release;
		};
		28BCF2BB132AE3B40003AEC1 /* Build configuration list for PBXProject "MumbleKit" */ = {
			isa = XCConfigurationList;
			buildConfigurations = (
				28BCF2C9132AE3B40003AEC1 /* Debug */,
				28BCF2CA132AE3B40003AEC1 /* Release */,
				28A2AEC21478A92700F3B83F /* AppStore */,
				28498F1A138AB6A9000509DD /* BetaDist */,
			);
			defaultConfigurationIsVisible = 0;
			defaultConfigurationName = Release;
		};
/* End XCConfigurationList section */
	};
	rootObject = 28BCF2B8132AE3B40003AEC1 /* Project object */;
}
